// !$*UTF8*$!
{
	archiveVersion = 1;
	classes = {
	};
	objectVersion = 46;
	objects = {

/* Begin PBXBuildFile section */
		8DD76F650486A84900D96B5E /* main.cpp in Sources */ = {isa = PBXBuildFile; fileRef = 08FB7796FE84155DC02AAC07 /* main.cpp */; settings = {ATTRIBUTES = (); }; };
		8DD76F6A0486A84900D96B5E /* Raytracer.1 in CopyFiles */ = {isa = PBXBuildFile; fileRef = C6859E8B029090EE04C91782 /* Raytracer.1 */; };
		96004E7818C3923300B647BA /* DirectionalLight.h in Headers */ = {isa = PBXBuildFile; fileRef = 96004E7718C3923300B647BA /* DirectionalLight.h */; };
		960D53C718D5F8770020F83E /* Perlin3D.h in Headers */ = {isa = PBXBuildFile; fileRef = 960D53C618D5F8770020F83E /* Perlin3D.h */; };
		960D53C918D5FCC60020F83E /* Plasma.h in Headers */ = {isa = PBXBuildFile; fileRef = 960D53C818D5FCC60020F83E /* Plasma.h */; };
		960D53D418D602640020F83E /* Timer.h in Headers */ = {isa = PBXBuildFile; fileRef = 960D53D318D602640020F83E /* Timer.h */; };
		960FFD8618EB689F00B0E94B /* Scene.h in Headers */ = {isa = PBXBuildFile; fileRef = 96CDC87518A5481100BB39ED /* Scene.h */; };
		9638664218A6E7D200486B25 /* PointLight.h in Headers */ = {isa = PBXBuildFile; fileRef = 9638664018A6E7D200486B25 /* PointLight.h */; };
		9638683F18A8206300486B25 /* Camera.h in Headers */ = {isa = PBXBuildFile; fileRef = 9638683E18A8206300486B25 /* Camera.h */; };
		963DF4F018EB482800D61F31 /* OpenGL.framework in Frameworks */ = {isa = PBXBuildFile; fileRef = 963DF4EF18EB482800D61F31 /* OpenGL.framework */; };
		963DF4F218EB483900D61F31 /* GLUT.framework in Frameworks */ = {isa = PBXBuildFile; fileRef = 963DF4F118EB483900D61F31 /* GLUT.framework */; };
		964177F818D7348900B783C7 /* Normal.h in Headers */ = {isa = PBXBuildFile; fileRef = 964177F718D7348900B783C7 /* Normal.h */; };
		964178F418D776A000B783C7 /* Projection.h in Headers */ = {isa = PBXBuildFile; fileRef = 964178F318D776A000B783C7 /* Projection.h */; };
		9658DCCE18B039F30043172E /* Lambert.h in Headers */ = {isa = PBXBuildFile; fileRef = 9658DCCD18B039F30043172E /* Lambert.h */; };
		9658DDEE18B04C7F0043172E /* Gooch.h in Headers */ = {isa = PBXBuildFile; fileRef = 9658DDED18B04C7F0043172E /* Gooch.h */; };
		9658DE2E18B058EB0043172E /* Plane.h in Headers */ = {isa = PBXBuildFile; fileRef = 9658DE2D18B058EB0043172E /* Plane.h */; };
		9658DE6C18B0600D0043172E /* FlatShader.h in Headers */ = {isa = PBXBuildFile; fileRef = 9658DE6B18B0600D0043172E /* FlatShader.h */; };
		9658DFD018B184660043172E /* AreaLight.h in Headers */ = {isa = PBXBuildFile; fileRef = 9658DFCF18B184660043172E /* AreaLight.h */; };
		96706DB018E872D60067FC14 /* Mirror.h in Headers */ = {isa = PBXBuildFile; fileRef = 96706DAF18E872D60067FC14 /* Mirror.h */; };
		96706DE718E88C890067FC14 /* Environment.h in Headers */ = {isa = PBXBuildFile; fileRef = 96706DE618E88C890067FC14 /* Environment.h */; };
		9670721D18E8FD830067FC14 /* GeneralShader.h in Headers */ = {isa = PBXBuildFile; fileRef = 9670721C18E8FD830067FC14 /* GeneralShader.h */; };
		969E664B18EB532500289378 /* libpng15.framework in Frameworks */ = {isa = PBXBuildFile; fileRef = 969E664A18EB532500289378 /* libpng15.framework */; };
		96A454D118CF59CA00169DB4 /* Bump.h in Headers */ = {isa = PBXBuildFile; fileRef = 96A454D018CF59CA00169DB4 /* Bump.h */; };
		96A5F4E718CCB9CE00B18784 /* Image.h in Headers */ = {isa = PBXBuildFile; fileRef = 96A5F4E518CCB9CE00B18784 /* Image.h */; };
		96A5F4E818CCB9CE00B18784 /* Image.cpp in Sources */ = {isa = PBXBuildFile; fileRef = 96A5F4E618CCB9CE00B18784 /* Image.cpp */; };
		96A5F4EA18CCBFDD00B18784 /* PNGhelp.h in Headers */ = {isa = PBXBuildFile; fileRef = 96A5F4E918CCBFDD00B18784 /* PNGhelp.h */; };
		96A5F4EF18CD11ED00B18784 /* Texture.h in Headers */ = {isa = PBXBuildFile; fileRef = 96A5F4EE18CD11ED00B18784 /* Texture.h */; };
		96A5F4F118CD167400B18784 /* Texture2D.h in Headers */ = {isa = PBXBuildFile; fileRef = 96A5F4F018CD167400B18784 /* Texture2D.h */; };
		96CDC86418A46F5B00BB39ED /* Color.cpp in Sources */ = {isa = PBXBuildFile; fileRef = 96CDC86318A46F5B00BB39ED /* Color.cpp */; };
		96D06B7618AD285000161DD7 /* Shader.h in Headers */ = {isa = PBXBuildFile; fileRef = 96D06B7518AD285000161DD7 /* Shader.h */; };
		96D06B7F18AD3D5800161DD7 /* Phong.h in Headers */ = {isa = PBXBuildFile; fileRef = 96D06B7D18AD3D5800161DD7 /* Phong.h */; };
		96D06C3318AD5B8700161DD7 /* Parse.h in Headers */ = {isa = PBXBuildFile; fileRef = 96D06C3118AD5B8700161DD7 /* Parse.h */; };
		96D06C3418AD5B8700161DD7 /* Parse.cpp in Sources */ = {isa = PBXBuildFile; fileRef = 96D06C3218AD5B8700161DD7 /* Parse.cpp */; };
		96D06C6618AD655F00161DD7 /* Primitive.h in Headers */ = {isa = PBXBuildFile; fileRef = 96D06C6518AD655F00161DD7 /* Primitive.h */; };
		96D06C7418AD6B7000161DD7 /* KDTree.h in Headers */ = {isa = PBXBuildFile; fileRef = 96D06C7218AD6B7000161DD7 /* KDTree.h */; };
		96D06C7518AD6B7000161DD7 /* KDTree.cpp in Sources */ = {isa = PBXBuildFile; fileRef = 96D06C7318AD6B7000161DD7 /* KDTree.cpp */; };
		96D06C8718AD8F2D00161DD7 /* Box.h in Headers */ = {isa = PBXBuildFile; fileRef = 96D06C8618AD8F2D00161DD7 /* Box.h */; };
		96D45BD018D6318D008ACD73 /* Cloud.h in Headers */ = {isa = PBXBuildFile; fileRef = 96D45BCF18D6318D008ACD73 /* Cloud.h */; };
		96D45C2218D6512D008ACD73 /* VCloud.h in Headers */ = {isa = PBXBuildFile; fileRef = 96D45C2118D6512D008ACD73 /* VCloud.h */; };
		96E1490D18DF709D0050731A /* Triangle.h in Headers */ = {isa = PBXBuildFile; fileRef = 96E1490C18DF709D0050731A /* Triangle.h */; };
		96E92AC518ADBD8D00E25A6B /* StdDefs.h in Headers */ = {isa = PBXBuildFile; fileRef = 96E92AC418ADBD8D00E25A6B /* StdDefs.h */; };
		96E92AE618ADBF4B00E25A6B /* StdDefs.cpp in Sources */ = {isa = PBXBuildFile; fileRef = 96E92AE518ADBF4B00E25A6B /* StdDefs.cpp */; };
		96FA9A3E18C39A5E00381896 /* SpotLight.h in Headers */ = {isa = PBXBuildFile; fileRef = 96FA9A3D18C39A5E00381896 /* SpotLight.h */; };
		96FA9A4418C39C0600381896 /* Cone.h in Headers */ = {isa = PBXBuildFile; fileRef = 96FA9A4318C39C0600381896 /* Cone.h */; };
		96FA9A4E18C39F9800381896 /* Ellipsoid.h in Headers */ = {isa = PBXBuildFile; fileRef = 96FA9A4D18C39F9800381896 /* Ellipsoid.h */; };
/* End PBXBuildFile section */

/* Begin PBXCopyFilesBuildPhase section */
		8DD76F690486A84900D96B5E /* CopyFiles */ = {
			isa = PBXCopyFilesBuildPhase;
			buildActionMask = 8;
			dstPath = /usr/share/man/man1/;
			dstSubfolderSpec = 0;
			files = (
				8DD76F6A0486A84900D96B5E /* Raytracer.1 in CopyFiles */,
			);
			runOnlyForDeploymentPostprocessing = 1;
		};
/* End PBXCopyFilesBuildPhase section */

/* Begin PBXFileReference section */
		08FB7796FE84155DC02AAC07 /* main.cpp */ = {isa = PBXFileReference; fileEncoding = 4; lastKnownFileType = sourcecode.cpp.cpp; path = main.cpp; sourceTree = "<group>"; };
		8DD76F6C0486A84900D96B5E /* Raytracer */ = {isa = PBXFileReference; explicitFileType = "compiled.mach-o.executable"; includeInIndex = 0; path = Raytracer; sourceTree = BUILT_PRODUCTS_DIR; };
		96004E7718C3923300B647BA /* DirectionalLight.h */ = {isa = PBXFileReference; fileEncoding = 4; lastKnownFileType = sourcecode.c.h; path = DirectionalLight.h; sourceTree = "<group>"; };
		96084C8C18B1C39F004029DE /* test2.sdf */ = {isa = PBXFileReference; fileEncoding = 4; lastKnownFileType = text; name = test2.sdf; path = ../Scenes/test2.sdf; sourceTree = SOURCE_ROOT; };
		960D53C618D5F8770020F83E /* Perlin3D.h */ = {isa = PBXFileReference; fileEncoding = 4; lastKnownFileType = sourcecode.c.h; path = Perlin3D.h; sourceTree = "<group>"; };
		960D53C818D5FCC60020F83E /* Plasma.h */ = {isa = PBXFileReference; fileEncoding = 4; lastKnownFileType = sourcecode.c.h; path = Plasma.h; sourceTree = "<group>"; };
		960D53D318D602640020F83E /* Timer.h */ = {isa = PBXFileReference; fileEncoding = 4; lastKnownFileType = sourcecode.c.h; path = Timer.h; sourceTree = "<group>"; };
		960D59AF18A58362007BF09B /* Array */ = {isa = PBXFileReference; fileEncoding = 4; lastKnownFileType = text; path = Array; sourceTree = "<group>"; };
		960D59B018A58362007BF09B /* Cholesky */ = {isa = PBXFileReference; fileEncoding = 4; lastKnownFileType = text; path = Cholesky; sourceTree = "<group>"; };
		960D59B118A58362007BF09B /* CMakeLists.txt */ = {isa = PBXFileReference; fileEncoding = 4; lastKnownFileType = text; path = CMakeLists.txt; sourceTree = "<group>"; };
		960D59B218A58362007BF09B /* Core */ = {isa = PBXFileReference; fileEncoding = 4; lastKnownFileType = text; path = Core; sourceTree = "<group>"; };
		960D59B318A58362007BF09B /* Dense */ = {isa = PBXFileReference; fileEncoding = 4; lastKnownFileType = text; path = Dense; sourceTree = "<group>"; };
		960D59B418A58362007BF09B /* Eigen */ = {isa = PBXFileReference; fileEncoding = 4; lastKnownFileType = text; path = Eigen; sourceTree = "<group>"; };
		960D59B518A58362007BF09B /* Eigen2Support */ = {isa = PBXFileReference; fileEncoding = 4; lastKnownFileType = text; path = Eigen2Support; sourceTree = "<group>"; };
		960D59B618A58362007BF09B /* Eigenvalues */ = {isa = PBXFileReference; fileEncoding = 4; lastKnownFileType = text; path = Eigenvalues; sourceTree = "<group>"; };
		960D59B718A58362007BF09B /* Geometry */ = {isa = PBXFileReference; fileEncoding = 4; lastKnownFileType = text; path = Geometry; sourceTree = "<group>"; };
		960D59B818A58362007BF09B /* Householder */ = {isa = PBXFileReference; fileEncoding = 4; lastKnownFileType = text; path = Householder; sourceTree = "<group>"; };
		960D59B918A58362007BF09B /* Jacobi */ = {isa = PBXFileReference; fileEncoding = 4; lastKnownFileType = text; path = Jacobi; sourceTree = "<group>"; };
		960D59BA18A58362007BF09B /* LeastSquares */ = {isa = PBXFileReference; fileEncoding = 4; lastKnownFileType = text; path = LeastSquares; sourceTree = "<group>"; };
		960D59BB18A58362007BF09B /* LU */ = {isa = PBXFileReference; fileEncoding = 4; lastKnownFileType = text; path = LU; sourceTree = "<group>"; };
		960D59BC18A58362007BF09B /* QR */ = {isa = PBXFileReference; fileEncoding = 4; lastKnownFileType = text; path = QR; sourceTree = "<group>"; };
		960D59BD18A58362007BF09B /* QtAlignedMalloc */ = {isa = PBXFileReference; fileEncoding = 4; lastKnownFileType = text; path = QtAlignedMalloc; sourceTree = "<group>"; };
		960D59BE18A58362007BF09B /* Sparse */ = {isa = PBXFileReference; fileEncoding = 4; lastKnownFileType = text; path = Sparse; sourceTree = "<group>"; };
		960D59C118A58362007BF09B /* CMakeLists.txt */ = {isa = PBXFileReference; fileEncoding = 4; lastKnownFileType = text; path = CMakeLists.txt; sourceTree = "<group>"; };
		960D59C218A58362007BF09B /* LDLT.h */ = {isa = PBXFileReference; fileEncoding = 4; lastKnownFileType = sourcecode.c.h; path = LDLT.h; sourceTree = "<group>"; };
		960D59C318A58362007BF09B /* LLT.h */ = {isa = PBXFileReference; fileEncoding = 4; lastKnownFileType = sourcecode.c.h; path = LLT.h; sourceTree = "<group>"; };
		960D59C418A58362007BF09B /* CMakeLists.txt */ = {isa = PBXFileReference; fileEncoding = 4; lastKnownFileType = text; path = CMakeLists.txt; sourceTree = "<group>"; };
		960D59C818A58362007BF09B /* CMakeLists.txt */ = {isa = PBXFileReference; fileEncoding = 4; lastKnownFileType = text; path = CMakeLists.txt; sourceTree = "<group>"; };
		960D59C918A58362007BF09B /* Complex.h */ = {isa = PBXFileReference; fileEncoding = 4; lastKnownFileType = sourcecode.c.h; path = Complex.h; sourceTree = "<group>"; };
		960D59CA18A58362007BF09B /* PacketMath.h */ = {isa = PBXFileReference; fileEncoding = 4; lastKnownFileType = sourcecode.c.h; path = PacketMath.h; sourceTree = "<group>"; };
		960D59CB18A58362007BF09B /* CMakeLists.txt */ = {isa = PBXFileReference; fileEncoding = 4; lastKnownFileType = text; path = CMakeLists.txt; sourceTree = "<group>"; };
		960D59CD18A58362007BF09B /* CMakeLists.txt */ = {isa = PBXFileReference; fileEncoding = 4; lastKnownFileType = text; path = CMakeLists.txt; sourceTree = "<group>"; };
		960D59CE18A58362007BF09B /* Settings.h */ = {isa = PBXFileReference; fileEncoding = 4; lastKnownFileType = sourcecode.c.h; path = Settings.h; sourceTree = "<group>"; };
		960D59D018A58362007BF09B /* CMakeLists.txt */ = {isa = PBXFileReference; fileEncoding = 4; lastKnownFileType = text; path = CMakeLists.txt; sourceTree = "<group>"; };
		960D59D118A58362007BF09B /* Complex.h */ = {isa = PBXFileReference; fileEncoding = 4; lastKnownFileType = sourcecode.c.h; path = Complex.h; sourceTree = "<group>"; };
		960D59D218A58362007BF09B /* PacketMath.h */ = {isa = PBXFileReference; fileEncoding = 4; lastKnownFileType = sourcecode.c.h; path = PacketMath.h; sourceTree = "<group>"; };
		960D59D418A58362007BF09B /* CMakeLists.txt */ = {isa = PBXFileReference; fileEncoding = 4; lastKnownFileType = text; path = CMakeLists.txt; sourceTree = "<group>"; };
		960D59D518A58362007BF09B /* Complex.h */ = {isa = PBXFileReference; fileEncoding = 4; lastKnownFileType = sourcecode.c.h; path = Complex.h; sourceTree = "<group>"; };
		960D59D618A58362007BF09B /* MathFunctions.h */ = {isa = PBXFileReference; fileEncoding = 4; lastKnownFileType = sourcecode.c.h; path = MathFunctions.h; sourceTree = "<group>"; };
		960D59D718A58362007BF09B /* PacketMath.h */ = {isa = PBXFileReference; fileEncoding = 4; lastKnownFileType = sourcecode.c.h; path = PacketMath.h; sourceTree = "<group>"; };
		960D59D818A58362007BF09B /* Array.h */ = {isa = PBXFileReference; fileEncoding = 4; lastKnownFileType = sourcecode.c.h; path = Array.h; sourceTree = "<group>"; };
		960D59D918A58362007BF09B /* ArrayBase.h */ = {isa = PBXFileReference; fileEncoding = 4; lastKnownFileType = sourcecode.c.h; path = ArrayBase.h; sourceTree = "<group>"; };
		960D59DA18A58362007BF09B /* ArrayWrapper.h */ = {isa = PBXFileReference; fileEncoding = 4; lastKnownFileType = sourcecode.c.h; path = ArrayWrapper.h; sourceTree = "<group>"; };
		960D59DB18A58362007BF09B /* Assign.h */ = {isa = PBXFileReference; fileEncoding = 4; lastKnownFileType = sourcecode.c.h; path = Assign.h; sourceTree = "<group>"; };
		960D59DC18A58362007BF09B /* BandMatrix.h */ = {isa = PBXFileReference; fileEncoding = 4; lastKnownFileType = sourcecode.c.h; path = BandMatrix.h; sourceTree = "<group>"; };
		960D59DD18A58362007BF09B /* Block.h */ = {isa = PBXFileReference; fileEncoding = 4; lastKnownFileType = sourcecode.c.h; path = Block.h; sourceTree = "<group>"; };
		960D59DE18A58362007BF09B /* BooleanRedux.h */ = {isa = PBXFileReference; fileEncoding = 4; lastKnownFileType = sourcecode.c.h; path = BooleanRedux.h; sourceTree = "<group>"; };
		960D59DF18A58362007BF09B /* CMakeLists.txt */ = {isa = PBXFileReference; fileEncoding = 4; lastKnownFileType = text; path = CMakeLists.txt; sourceTree = "<group>"; };
		960D59E018A58362007BF09B /* CommaInitializer.h */ = {isa = PBXFileReference; fileEncoding = 4; lastKnownFileType = sourcecode.c.h; path = CommaInitializer.h; sourceTree = "<group>"; };
		960D59E118A58362007BF09B /* CwiseBinaryOp.h */ = {isa = PBXFileReference; fileEncoding = 4; lastKnownFileType = sourcecode.c.h; path = CwiseBinaryOp.h; sourceTree = "<group>"; };
		960D59E218A58362007BF09B /* CwiseNullaryOp.h */ = {isa = PBXFileReference; fileEncoding = 4; lastKnownFileType = sourcecode.c.h; path = CwiseNullaryOp.h; sourceTree = "<group>"; };
		960D59E318A58362007BF09B /* CwiseUnaryOp.h */ = {isa = PBXFileReference; fileEncoding = 4; lastKnownFileType = sourcecode.c.h; path = CwiseUnaryOp.h; sourceTree = "<group>"; };
		960D59E418A58362007BF09B /* CwiseUnaryView.h */ = {isa = PBXFileReference; fileEncoding = 4; lastKnownFileType = sourcecode.c.h; path = CwiseUnaryView.h; sourceTree = "<group>"; };
		960D59E518A58362007BF09B /* DenseBase.h */ = {isa = PBXFileReference; fileEncoding = 4; lastKnownFileType = sourcecode.c.h; path = DenseBase.h; sourceTree = "<group>"; };
		960D59E618A58362007BF09B /* DenseCoeffsBase.h */ = {isa = PBXFileReference; fileEncoding = 4; lastKnownFileType = sourcecode.c.h; path = DenseCoeffsBase.h; sourceTree = "<group>"; };
		960D59E718A58362007BF09B /* DenseStorage.h */ = {isa = PBXFileReference; fileEncoding = 4; lastKnownFileType = sourcecode.c.h; path = DenseStorage.h; sourceTree = "<group>"; };
		960D59E818A58362007BF09B /* Diagonal.h */ = {isa = PBXFileReference; fileEncoding = 4; lastKnownFileType = sourcecode.c.h; path = Diagonal.h; sourceTree = "<group>"; };
		960D59E918A58362007BF09B /* DiagonalMatrix.h */ = {isa = PBXFileReference; fileEncoding = 4; lastKnownFileType = sourcecode.c.h; path = DiagonalMatrix.h; sourceTree = "<group>"; };
		960D59EA18A58362007BF09B /* DiagonalProduct.h */ = {isa = PBXFileReference; fileEncoding = 4; lastKnownFileType = sourcecode.c.h; path = DiagonalProduct.h; sourceTree = "<group>"; };
		960D59EB18A58362007BF09B /* Dot.h */ = {isa = PBXFileReference; fileEncoding = 4; lastKnownFileType = sourcecode.c.h; path = Dot.h; sourceTree = "<group>"; };
		960D59EC18A58362007BF09B /* EigenBase.h */ = {isa = PBXFileReference; fileEncoding = 4; lastKnownFileType = sourcecode.c.h; path = EigenBase.h; sourceTree = "<group>"; };
		960D59ED18A58362007BF09B /* Flagged.h */ = {isa = PBXFileReference; fileEncoding = 4; lastKnownFileType = sourcecode.c.h; path = Flagged.h; sourceTree = "<group>"; };
		960D59EE18A58362007BF09B /* ForceAlignedAccess.h */ = {isa = PBXFileReference; fileEncoding = 4; lastKnownFileType = sourcecode.c.h; path = ForceAlignedAccess.h; sourceTree = "<group>"; };
		960D59EF18A58362007BF09B /* Functors.h */ = {isa = PBXFileReference; fileEncoding = 4; lastKnownFileType = sourcecode.c.h; path = Functors.h; sourceTree = "<group>"; };
		960D59F018A58362007BF09B /* Fuzzy.h */ = {isa = PBXFileReference; fileEncoding = 4; lastKnownFileType = sourcecode.c.h; path = Fuzzy.h; sourceTree = "<group>"; };
		960D59F118A58362007BF09B /* GenericPacketMath.h */ = {isa = PBXFileReference; fileEncoding = 4; lastKnownFileType = sourcecode.c.h; path = GenericPacketMath.h; sourceTree = "<group>"; };
		960D59F218A58362007BF09B /* GlobalFunctions.h */ = {isa = PBXFileReference; fileEncoding = 4; lastKnownFileType = sourcecode.c.h; path = GlobalFunctions.h; sourceTree = "<group>"; };
		960D59F318A58362007BF09B /* IO.h */ = {isa = PBXFileReference; fileEncoding = 4; lastKnownFileType = sourcecode.c.h; path = IO.h; sourceTree = "<group>"; };
		960D59F418A58362007BF09B /* Map.h */ = {isa = PBXFileReference; fileEncoding = 4; lastKnownFileType = sourcecode.c.h; path = Map.h; sourceTree = "<group>"; };
		960D59F518A58362007BF09B /* MapBase.h */ = {isa = PBXFileReference; fileEncoding = 4; lastKnownFileType = sourcecode.c.h; path = MapBase.h; sourceTree = "<group>"; };
		960D59F618A58362007BF09B /* MathFunctions.h */ = {isa = PBXFileReference; fileEncoding = 4; lastKnownFileType = sourcecode.c.h; path = MathFunctions.h; sourceTree = "<group>"; };
		960D59F718A58362007BF09B /* Matrix.h */ = {isa = PBXFileReference; fileEncoding = 4; lastKnownFileType = sourcecode.c.h; path = Matrix.h; sourceTree = "<group>"; };
		960D59F818A58362007BF09B /* MatrixBase.h */ = {isa = PBXFileReference; fileEncoding = 4; lastKnownFileType = sourcecode.c.h; path = MatrixBase.h; sourceTree = "<group>"; };
		960D59F918A58362007BF09B /* NestByValue.h */ = {isa = PBXFileReference; fileEncoding = 4; lastKnownFileType = sourcecode.c.h; path = NestByValue.h; sourceTree = "<group>"; };
		960D59FA18A58362007BF09B /* NoAlias.h */ = {isa = PBXFileReference; fileEncoding = 4; lastKnownFileType = sourcecode.c.h; path = NoAlias.h; sourceTree = "<group>"; };
		960D59FB18A58362007BF09B /* NumTraits.h */ = {isa = PBXFileReference; fileEncoding = 4; lastKnownFileType = sourcecode.c.h; path = NumTraits.h; sourceTree = "<group>"; };
		960D59FC18A58362007BF09B /* PermutationMatrix.h */ = {isa = PBXFileReference; fileEncoding = 4; lastKnownFileType = sourcecode.c.h; path = PermutationMatrix.h; sourceTree = "<group>"; };
		960D59FD18A58362007BF09B /* PlainObjectBase.h */ = {isa = PBXFileReference; fileEncoding = 4; lastKnownFileType = sourcecode.c.h; path = PlainObjectBase.h; sourceTree = "<group>"; };
		960D59FE18A58362007BF09B /* Product.h */ = {isa = PBXFileReference; fileEncoding = 4; lastKnownFileType = sourcecode.c.h; path = Product.h; sourceTree = "<group>"; };
		960D59FF18A58362007BF09B /* ProductBase.h */ = {isa = PBXFileReference; fileEncoding = 4; lastKnownFileType = sourcecode.c.h; path = ProductBase.h; sourceTree = "<group>"; };
		960D5A0118A58362007BF09B /* CMakeLists.txt */ = {isa = PBXFileReference; fileEncoding = 4; lastKnownFileType = text; path = CMakeLists.txt; sourceTree = "<group>"; };
		960D5A0218A58362007BF09B /* CoeffBasedProduct.h */ = {isa = PBXFileReference; fileEncoding = 4; lastKnownFileType = sourcecode.c.h; path = CoeffBasedProduct.h; sourceTree = "<group>"; };
		960D5A0318A58362007BF09B /* GeneralBlockPanelKernel.h */ = {isa = PBXFileReference; fileEncoding = 4; lastKnownFileType = sourcecode.c.h; path = GeneralBlockPanelKernel.h; sourceTree = "<group>"; };
		960D5A0418A58362007BF09B /* GeneralMatrixMatrix.h */ = {isa = PBXFileReference; fileEncoding = 4; lastKnownFileType = sourcecode.c.h; path = GeneralMatrixMatrix.h; sourceTree = "<group>"; };
		960D5A0518A58362007BF09B /* GeneralMatrixMatrixTriangular.h */ = {isa = PBXFileReference; fileEncoding = 4; lastKnownFileType = sourcecode.c.h; path = GeneralMatrixMatrixTriangular.h; sourceTree = "<group>"; };
		960D5A0618A58362007BF09B /* GeneralMatrixVector.h */ = {isa = PBXFileReference; fileEncoding = 4; lastKnownFileType = sourcecode.c.h; path = GeneralMatrixVector.h; sourceTree = "<group>"; };
		960D5A0718A58362007BF09B /* Parallelizer.h */ = {isa = PBXFileReference; fileEncoding = 4; lastKnownFileType = sourcecode.c.h; path = Parallelizer.h; sourceTree = "<group>"; };
		960D5A0818A58362007BF09B /* SelfadjointMatrixMatrix.h */ = {isa = PBXFileReference; fileEncoding = 4; lastKnownFileType = sourcecode.c.h; path = SelfadjointMatrixMatrix.h; sourceTree = "<group>"; };
		960D5A0918A58362007BF09B /* SelfadjointMatrixVector.h */ = {isa = PBXFileReference; fileEncoding = 4; lastKnownFileType = sourcecode.c.h; path = SelfadjointMatrixVector.h; sourceTree = "<group>"; };
		960D5A0A18A58362007BF09B /* SelfadjointProduct.h */ = {isa = PBXFileReference; fileEncoding = 4; lastKnownFileType = sourcecode.c.h; path = SelfadjointProduct.h; sourceTree = "<group>"; };
		960D5A0B18A58362007BF09B /* SelfadjointRank2Update.h */ = {isa = PBXFileReference; fileEncoding = 4; lastKnownFileType = sourcecode.c.h; path = SelfadjointRank2Update.h; sourceTree = "<group>"; };
		960D5A0C18A58362007BF09B /* TriangularMatrixMatrix.h */ = {isa = PBXFileReference; fileEncoding = 4; lastKnownFileType = sourcecode.c.h; path = TriangularMatrixMatrix.h; sourceTree = "<group>"; };
		960D5A0D18A58362007BF09B /* TriangularMatrixVector.h */ = {isa = PBXFileReference; fileEncoding = 4; lastKnownFileType = sourcecode.c.h; path = TriangularMatrixVector.h; sourceTree = "<group>"; };
		960D5A0E18A58362007BF09B /* TriangularSolverMatrix.h */ = {isa = PBXFileReference; fileEncoding = 4; lastKnownFileType = sourcecode.c.h; path = TriangularSolverMatrix.h; sourceTree = "<group>"; };
		960D5A0F18A58362007BF09B /* TriangularSolverVector.h */ = {isa = PBXFileReference; fileEncoding = 4; lastKnownFileType = sourcecode.c.h; path = TriangularSolverVector.h; sourceTree = "<group>"; };
		960D5A1018A58362007BF09B /* Random.h */ = {isa = PBXFileReference; fileEncoding = 4; lastKnownFileType = sourcecode.c.h; path = Random.h; sourceTree = "<group>"; };
		960D5A1118A58362007BF09B /* Redux.h */ = {isa = PBXFileReference; fileEncoding = 4; lastKnownFileType = sourcecode.c.h; path = Redux.h; sourceTree = "<group>"; };
		960D5A1218A58362007BF09B /* Replicate.h */ = {isa = PBXFileReference; fileEncoding = 4; lastKnownFileType = sourcecode.c.h; path = Replicate.h; sourceTree = "<group>"; };
		960D5A1318A58362007BF09B /* ReturnByValue.h */ = {isa = PBXFileReference; fileEncoding = 4; lastKnownFileType = sourcecode.c.h; path = ReturnByValue.h; sourceTree = "<group>"; };
		960D5A1418A58362007BF09B /* Reverse.h */ = {isa = PBXFileReference; fileEncoding = 4; lastKnownFileType = sourcecode.c.h; path = Reverse.h; sourceTree = "<group>"; };
		960D5A1518A58362007BF09B /* Select.h */ = {isa = PBXFileReference; fileEncoding = 4; lastKnownFileType = sourcecode.c.h; path = Select.h; sourceTree = "<group>"; };
		960D5A1618A58362007BF09B /* SelfAdjointView.h */ = {isa = PBXFileReference; fileEncoding = 4; lastKnownFileType = sourcecode.c.h; path = SelfAdjointView.h; sourceTree = "<group>"; };
		960D5A1718A58362007BF09B /* SelfCwiseBinaryOp.h */ = {isa = PBXFileReference; fileEncoding = 4; lastKnownFileType = sourcecode.c.h; path = SelfCwiseBinaryOp.h; sourceTree = "<group>"; };
		960D5A1818A58362007BF09B /* SolveTriangular.h */ = {isa = PBXFileReference; fileEncoding = 4; lastKnownFileType = sourcecode.c.h; path = SolveTriangular.h; sourceTree = "<group>"; };
		960D5A1918A58362007BF09B /* StableNorm.h */ = {isa = PBXFileReference; fileEncoding = 4; lastKnownFileType = sourcecode.c.h; path = StableNorm.h; sourceTree = "<group>"; };
		960D5A1A18A58362007BF09B /* Stride.h */ = {isa = PBXFileReference; fileEncoding = 4; lastKnownFileType = sourcecode.c.h; path = Stride.h; sourceTree = "<group>"; };
		960D5A1B18A58362007BF09B /* Swap.h */ = {isa = PBXFileReference; fileEncoding = 4; lastKnownFileType = sourcecode.c.h; path = Swap.h; sourceTree = "<group>"; };
		960D5A1C18A58362007BF09B /* Transpose.h */ = {isa = PBXFileReference; fileEncoding = 4; lastKnownFileType = sourcecode.c.h; path = Transpose.h; sourceTree = "<group>"; };
		960D5A1D18A58362007BF09B /* Transpositions.h */ = {isa = PBXFileReference; fileEncoding = 4; lastKnownFileType = sourcecode.c.h; path = Transpositions.h; sourceTree = "<group>"; };
		960D5A1E18A58362007BF09B /* TriangularMatrix.h */ = {isa = PBXFileReference; fileEncoding = 4; lastKnownFileType = sourcecode.c.h; path = TriangularMatrix.h; sourceTree = "<group>"; };
		960D5A2018A58362007BF09B /* BlasUtil.h */ = {isa = PBXFileReference; fileEncoding = 4; lastKnownFileType = sourcecode.c.h; path = BlasUtil.h; sourceTree = "<group>"; };
		960D5A2118A58362007BF09B /* CMakeLists.txt */ = {isa = PBXFileReference; fileEncoding = 4; lastKnownFileType = text; path = CMakeLists.txt; sourceTree = "<group>"; };
		960D5A2218A58362007BF09B /* Constants.h */ = {isa = PBXFileReference; fileEncoding = 4; lastKnownFileType = sourcecode.c.h; path = Constants.h; sourceTree = "<group>"; };
		960D5A2318A58362007BF09B /* DisableStupidWarnings.h */ = {isa = PBXFileReference; fileEncoding = 4; lastKnownFileType = sourcecode.c.h; path = DisableStupidWarnings.h; sourceTree = "<group>"; };
		960D5A2418A58362007BF09B /* ForwardDeclarations.h */ = {isa = PBXFileReference; fileEncoding = 4; lastKnownFileType = sourcecode.c.h; path = ForwardDeclarations.h; sourceTree = "<group>"; };
		960D5A2518A58362007BF09B /* Macros.h */ = {isa = PBXFileReference; fileEncoding = 4; lastKnownFileType = sourcecode.c.h; path = Macros.h; sourceTree = "<group>"; };
		960D5A2618A58362007BF09B /* Memory.h */ = {isa = PBXFileReference; fileEncoding = 4; lastKnownFileType = sourcecode.c.h; path = Memory.h; sourceTree = "<group>"; };
		960D5A2718A58362007BF09B /* Meta.h */ = {isa = PBXFileReference; fileEncoding = 4; lastKnownFileType = sourcecode.c.h; path = Meta.h; sourceTree = "<group>"; };
		960D5A2818A58362007BF09B /* ReenableStupidWarnings.h */ = {isa = PBXFileReference; fileEncoding = 4; lastKnownFileType = sourcecode.c.h; path = ReenableStupidWarnings.h; sourceTree = "<group>"; };
		960D5A2918A58362007BF09B /* StaticAssert.h */ = {isa = PBXFileReference; fileEncoding = 4; lastKnownFileType = sourcecode.c.h; path = StaticAssert.h; sourceTree = "<group>"; };
		960D5A2A18A58362007BF09B /* XprHelper.h */ = {isa = PBXFileReference; fileEncoding = 4; lastKnownFileType = sourcecode.c.h; path = XprHelper.h; sourceTree = "<group>"; };
		960D5A2B18A58362007BF09B /* VectorBlock.h */ = {isa = PBXFileReference; fileEncoding = 4; lastKnownFileType = sourcecode.c.h; path = VectorBlock.h; sourceTree = "<group>"; };
		960D5A2C18A58362007BF09B /* VectorwiseOp.h */ = {isa = PBXFileReference; fileEncoding = 4; lastKnownFileType = sourcecode.c.h; path = VectorwiseOp.h; sourceTree = "<group>"; };
		960D5A2D18A58362007BF09B /* Visitor.h */ = {isa = PBXFileReference; fileEncoding = 4; lastKnownFileType = sourcecode.c.h; path = Visitor.h; sourceTree = "<group>"; };
		960D5A2F18A58362007BF09B /* Block.h */ = {isa = PBXFileReference; fileEncoding = 4; lastKnownFileType = sourcecode.c.h; path = Block.h; sourceTree = "<group>"; };
		960D5A3018A58362007BF09B /* CMakeLists.txt */ = {isa = PBXFileReference; fileEncoding = 4; lastKnownFileType = text; path = CMakeLists.txt; sourceTree = "<group>"; };
		960D5A3118A58362007BF09B /* Cwise.h */ = {isa = PBXFileReference; fileEncoding = 4; lastKnownFileType = sourcecode.c.h; path = Cwise.h; sourceTree = "<group>"; };
		960D5A3218A58362007BF09B /* CwiseOperators.h */ = {isa = PBXFileReference; fileEncoding = 4; lastKnownFileType = sourcecode.c.h; path = CwiseOperators.h; sourceTree = "<group>"; };
		960D5A3418A58362007BF09B /* AlignedBox.h */ = {isa = PBXFileReference; fileEncoding = 4; lastKnownFileType = sourcecode.c.h; path = AlignedBox.h; sourceTree = "<group>"; };
		960D5A3518A58362007BF09B /* All.h */ = {isa = PBXFileReference; fileEncoding = 4; lastKnownFileType = sourcecode.c.h; path = All.h; sourceTree = "<group>"; };
		960D5A3618A58362007BF09B /* AngleAxis.h */ = {isa = PBXFileReference; fileEncoding = 4; lastKnownFileType = sourcecode.c.h; path = AngleAxis.h; sourceTree = "<group>"; };
		960D5A3718A58362007BF09B /* CMakeLists.txt */ = {isa = PBXFileReference; fileEncoding = 4; lastKnownFileType = text; path = CMakeLists.txt; sourceTree = "<group>"; };
		960D5A3818A58362007BF09B /* Hyperplane.h */ = {isa = PBXFileReference; fileEncoding = 4; lastKnownFileType = sourcecode.c.h; path = Hyperplane.h; sourceTree = "<group>"; };
		960D5A3918A58362007BF09B /* ParametrizedLine.h */ = {isa = PBXFileReference; fileEncoding = 4; lastKnownFileType = sourcecode.c.h; path = ParametrizedLine.h; sourceTree = "<group>"; };
		960D5A3A18A58362007BF09B /* Quaternion.h */ = {isa = PBXFileReference; fileEncoding = 4; lastKnownFileType = sourcecode.c.h; path = Quaternion.h; sourceTree = "<group>"; };
		960D5A3B18A58362007BF09B /* Rotation2D.h */ = {isa = PBXFileReference; fileEncoding = 4; lastKnownFileType = sourcecode.c.h; path = Rotation2D.h; sourceTree = "<group>"; };
		960D5A3C18A58362007BF09B /* RotationBase.h */ = {isa = PBXFileReference; fileEncoding = 4; lastKnownFileType = sourcecode.c.h; path = RotationBase.h; sourceTree = "<group>"; };
		960D5A3D18A58362007BF09B /* Scaling.h */ = {isa = PBXFileReference; fileEncoding = 4; lastKnownFileType = sourcecode.c.h; path = Scaling.h; sourceTree = "<group>"; };
		960D5A3E18A58362007BF09B /* Transform.h */ = {isa = PBXFileReference; fileEncoding = 4; lastKnownFileType = sourcecode.c.h; path = Transform.h; sourceTree = "<group>"; };
		960D5A3F18A58362007BF09B /* Translation.h */ = {isa = PBXFileReference; fileEncoding = 4; lastKnownFileType = sourcecode.c.h; path = Translation.h; sourceTree = "<group>"; };
		960D5A4018A58362007BF09B /* Lazy.h */ = {isa = PBXFileReference; fileEncoding = 4; lastKnownFileType = sourcecode.c.h; path = Lazy.h; sourceTree = "<group>"; };
		960D5A4118A58362007BF09B /* LeastSquares.h */ = {isa = PBXFileReference; fileEncoding = 4; lastKnownFileType = sourcecode.c.h; path = LeastSquares.h; sourceTree = "<group>"; };
		960D5A4218A58362007BF09B /* LU.h */ = {isa = PBXFileReference; fileEncoding = 4; lastKnownFileType = sourcecode.c.h; path = LU.h; sourceTree = "<group>"; };
		960D5A4318A58362007BF09B /* Macros.h */ = {isa = PBXFileReference; fileEncoding = 4; lastKnownFileType = sourcecode.c.h; path = Macros.h; sourceTree = "<group>"; };
		960D5A4418A58362007BF09B /* MathFunctions.h */ = {isa = PBXFileReference; fileEncoding = 4; lastKnownFileType = sourcecode.c.h; path = MathFunctions.h; sourceTree = "<group>"; };
		960D5A4518A58362007BF09B /* Memory.h */ = {isa = PBXFileReference; fileEncoding = 4; lastKnownFileType = sourcecode.c.h; path = Memory.h; sourceTree = "<group>"; };
		960D5A4618A58362007BF09B /* Meta.h */ = {isa = PBXFileReference; fileEncoding = 4; lastKnownFileType = sourcecode.c.h; path = Meta.h; sourceTree = "<group>"; };
		960D5A4718A58362007BF09B /* Minor.h */ = {isa = PBXFileReference; fileEncoding = 4; lastKnownFileType = sourcecode.c.h; path = Minor.h; sourceTree = "<group>"; };
		960D5A4818A58362007BF09B /* QR.h */ = {isa = PBXFileReference; fileEncoding = 4; lastKnownFileType = sourcecode.c.h; path = QR.h; sourceTree = "<group>"; };
		960D5A4918A58362007BF09B /* SVD.h */ = {isa = PBXFileReference; fileEncoding = 4; lastKnownFileType = sourcecode.c.h; path = SVD.h; sourceTree = "<group>"; };
		960D5A4A18A58362007BF09B /* TriangularSolver.h */ = {isa = PBXFileReference; fileEncoding = 4; lastKnownFileType = sourcecode.c.h; path = TriangularSolver.h; sourceTree = "<group>"; };
		960D5A4B18A58362007BF09B /* VectorBlock.h */ = {isa = PBXFileReference; fileEncoding = 4; lastKnownFileType = sourcecode.c.h; path = VectorBlock.h; sourceTree = "<group>"; };
		960D5A4D18A58362007BF09B /* CMakeLists.txt */ = {isa = PBXFileReference; fileEncoding = 4; lastKnownFileType = text; path = CMakeLists.txt; sourceTree = "<group>"; };
		960D5A4E18A58362007BF09B /* ComplexEigenSolver.h */ = {isa = PBXFileReference; fileEncoding = 4; lastKnownFileType = sourcecode.c.h; path = ComplexEigenSolver.h; sourceTree = "<group>"; };
		960D5A4F18A58362007BF09B /* ComplexSchur.h */ = {isa = PBXFileReference; fileEncoding = 4; lastKnownFileType = sourcecode.c.h; path = ComplexSchur.h; sourceTree = "<group>"; };
		960D5A5018A58362007BF09B /* EigenSolver.h */ = {isa = PBXFileReference; fileEncoding = 4; lastKnownFileType = sourcecode.c.h; path = EigenSolver.h; sourceTree = "<group>"; };
		960D5A5118A58362007BF09B /* EigenvaluesCommon.h */ = {isa = PBXFileReference; fileEncoding = 4; lastKnownFileType = sourcecode.c.h; path = EigenvaluesCommon.h; sourceTree = "<group>"; };
		960D5A5218A58362007BF09B /* GeneralizedSelfAdjointEigenSolver.h */ = {isa = PBXFileReference; fileEncoding = 4; lastKnownFileType = sourcecode.c.h; path = GeneralizedSelfAdjointEigenSolver.h; sourceTree = "<group>"; };
		960D5A5318A58362007BF09B /* HessenbergDecomposition.h */ = {isa = PBXFileReference; fileEncoding = 4; lastKnownFileType = sourcecode.c.h; path = HessenbergDecomposition.h; sourceTree = "<group>"; };
		960D5A5418A58362007BF09B /* MatrixBaseEigenvalues.h */ = {isa = PBXFileReference; fileEncoding = 4; lastKnownFileType = sourcecode.c.h; path = MatrixBaseEigenvalues.h; sourceTree = "<group>"; };
		960D5A5518A58362007BF09B /* RealSchur.h */ = {isa = PBXFileReference; fileEncoding = 4; lastKnownFileType = sourcecode.c.h; path = RealSchur.h; sourceTree = "<group>"; };
		960D5A5618A58362007BF09B /* SelfAdjointEigenSolver.h */ = {isa = PBXFileReference; fileEncoding = 4; lastKnownFileType = sourcecode.c.h; path = SelfAdjointEigenSolver.h; sourceTree = "<group>"; };
		960D5A5718A58362007BF09B /* Tridiagonalization.h */ = {isa = PBXFileReference; fileEncoding = 4; lastKnownFileType = sourcecode.c.h; path = Tridiagonalization.h; sourceTree = "<group>"; };
		960D5A5918A58362007BF09B /* AlignedBox.h */ = {isa = PBXFileReference; fileEncoding = 4; lastKnownFileType = sourcecode.c.h; path = AlignedBox.h; sourceTree = "<group>"; };
		960D5A5A18A58362007BF09B /* AngleAxis.h */ = {isa = PBXFileReference; fileEncoding = 4; lastKnownFileType = sourcecode.c.h; path = AngleAxis.h; sourceTree = "<group>"; };
		960D5A5C18A58362007BF09B /* CMakeLists.txt */ = {isa = PBXFileReference; fileEncoding = 4; lastKnownFileType = text; path = CMakeLists.txt; sourceTree = "<group>"; };
		960D5A5D18A58362007BF09B /* Geometry_SSE.h */ = {isa = PBXFileReference; fileEncoding = 4; lastKnownFileType = sourcecode.c.h; path = Geometry_SSE.h; sourceTree = "<group>"; };
		960D5A5E18A58362007BF09B /* CMakeLists.txt */ = {isa = PBXFileReference; fileEncoding = 4; lastKnownFileType = text; path = CMakeLists.txt; sourceTree = "<group>"; };
		960D5A5F18A58362007BF09B /* EulerAngles.h */ = {isa = PBXFileReference; fileEncoding = 4; lastKnownFileType = sourcecode.c.h; path = EulerAngles.h; sourceTree = "<group>"; };
		960D5A6018A58362007BF09B /* Homogeneous.h */ = {isa = PBXFileReference; fileEncoding = 4; lastKnownFileType = sourcecode.c.h; path = Homogeneous.h; sourceTree = "<group>"; };
		960D5A6118A58362007BF09B /* Hyperplane.h */ = {isa = PBXFileReference; fileEncoding = 4; lastKnownFileType = sourcecode.c.h; path = Hyperplane.h; sourceTree = "<group>"; };
		960D5A6218A58362007BF09B /* OrthoMethods.h */ = {isa = PBXFileReference; fileEncoding = 4; lastKnownFileType = sourcecode.c.h; path = OrthoMethods.h; sourceTree = "<group>"; };
		960D5A6318A58362007BF09B /* ParametrizedLine.h */ = {isa = PBXFileReference; fileEncoding = 4; lastKnownFileType = sourcecode.c.h; path = ParametrizedLine.h; sourceTree = "<group>"; };
		960D5A6418A58362007BF09B /* Quaternion.h */ = {isa = PBXFileReference; fileEncoding = 4; lastKnownFileType = sourcecode.c.h; path = Quaternion.h; sourceTree = "<group>"; };
		960D5A6518A58362007BF09B /* Rotation2D.h */ = {isa = PBXFileReference; fileEncoding = 4; lastKnownFileType = sourcecode.c.h; path = Rotation2D.h; sourceTree = "<group>"; };
		960D5A6618A58362007BF09B /* RotationBase.h */ = {isa = PBXFileReference; fileEncoding = 4; lastKnownFileType = sourcecode.c.h; path = RotationBase.h; sourceTree = "<group>"; };
		960D5A6718A58362007BF09B /* Scaling.h */ = {isa = PBXFileReference; fileEncoding = 4; lastKnownFileType = sourcecode.c.h; path = Scaling.h; sourceTree = "<group>"; };
		960D5A6818A58362007BF09B /* Transform.h */ = {isa = PBXFileReference; fileEncoding = 4; lastKnownFileType = sourcecode.c.h; path = Transform.h; sourceTree = "<group>"; };
		960D5A6918A58362007BF09B /* Translation.h */ = {isa = PBXFileReference; fileEncoding = 4; lastKnownFileType = sourcecode.c.h; path = Translation.h; sourceTree = "<group>"; };
		960D5A6A18A58362007BF09B /* Umeyama.h */ = {isa = PBXFileReference; fileEncoding = 4; lastKnownFileType = sourcecode.c.h; path = Umeyama.h; sourceTree = "<group>"; };
		960D5A6C18A58362007BF09B /* BlockHouseholder.h */ = {isa = PBXFileReference; fileEncoding = 4; lastKnownFileType = sourcecode.c.h; path = BlockHouseholder.h; sourceTree = "<group>"; };
		960D5A6D18A58362007BF09B /* CMakeLists.txt */ = {isa = PBXFileReference; fileEncoding = 4; lastKnownFileType = text; path = CMakeLists.txt; sourceTree = "<group>"; };
		960D5A6E18A58362007BF09B /* Householder.h */ = {isa = PBXFileReference; fileEncoding = 4; lastKnownFileType = sourcecode.c.h; path = Householder.h; sourceTree = "<group>"; };
		960D5A6F18A58362007BF09B /* HouseholderSequence.h */ = {isa = PBXFileReference; fileEncoding = 4; lastKnownFileType = sourcecode.c.h; path = HouseholderSequence.h; sourceTree = "<group>"; };
		960D5A7118A58362007BF09B /* CMakeLists.txt */ = {isa = PBXFileReference; fileEncoding = 4; lastKnownFileType = text; path = CMakeLists.txt; sourceTree = "<group>"; };
		960D5A7218A58362007BF09B /* Jacobi.h */ = {isa = PBXFileReference; fileEncoding = 4; lastKnownFileType = sourcecode.c.h; path = Jacobi.h; sourceTree = "<group>"; };
		960D5A7518A58362007BF09B /* CMakeLists.txt */ = {isa = PBXFileReference; fileEncoding = 4; lastKnownFileType = text; path = CMakeLists.txt; sourceTree = "<group>"; };
		960D5A7618A58362007BF09B /* Inverse_SSE.h */ = {isa = PBXFileReference; fileEncoding = 4; lastKnownFileType = sourcecode.c.h; path = Inverse_SSE.h; sourceTree = "<group>"; };
		960D5A7718A58362007BF09B /* CMakeLists.txt */ = {isa = PBXFileReference; fileEncoding = 4; lastKnownFileType = text; path = CMakeLists.txt; sourceTree = "<group>"; };
		960D5A7818A58362007BF09B /* Determinant.h */ = {isa = PBXFileReference; fileEncoding = 4; lastKnownFileType = sourcecode.c.h; path = Determinant.h; sourceTree = "<group>"; };
		960D5A7918A58362007BF09B /* FullPivLU.h */ = {isa = PBXFileReference; fileEncoding = 4; lastKnownFileType = sourcecode.c.h; path = FullPivLU.h; sourceTree = "<group>"; };
		960D5A7A18A58362007BF09B /* Inverse.h */ = {isa = PBXFileReference; fileEncoding = 4; lastKnownFileType = sourcecode.c.h; path = Inverse.h; sourceTree = "<group>"; };
		960D5A7B18A58362007BF09B /* PartialPivLU.h */ = {isa = PBXFileReference; fileEncoding = 4; lastKnownFileType = sourcecode.c.h; path = PartialPivLU.h; sourceTree = "<group>"; };
		960D5A7D18A58362007BF09B /* CMakeLists.txt */ = {isa = PBXFileReference; fileEncoding = 4; lastKnownFileType = text; path = CMakeLists.txt; sourceTree = "<group>"; };
		960D5A7E18A58362007BF09B /* Image.h */ = {isa = PBXFileReference; fileEncoding = 4; lastKnownFileType = sourcecode.c.h; path = Image.h; sourceTree = "<group>"; };
		960D5A7F18A58362007BF09B /* Kernel.h */ = {isa = PBXFileReference; fileEncoding = 4; lastKnownFileType = sourcecode.c.h; path = Kernel.h; sourceTree = "<group>"; };
		960D5A8018A58362007BF09B /* Solve.h */ = {isa = PBXFileReference; fileEncoding = 4; lastKnownFileType = sourcecode.c.h; path = Solve.h; sourceTree = "<group>"; };
		960D5A8218A58362007BF09B /* ArrayCwiseBinaryOps.h */ = {isa = PBXFileReference; fileEncoding = 4; lastKnownFileType = sourcecode.c.h; path = ArrayCwiseBinaryOps.h; sourceTree = "<group>"; };
		960D5A8318A58362007BF09B /* ArrayCwiseUnaryOps.h */ = {isa = PBXFileReference; fileEncoding = 4; lastKnownFileType = sourcecode.c.h; path = ArrayCwiseUnaryOps.h; sourceTree = "<group>"; };
		960D5A8418A58362007BF09B /* BlockMethods.h */ = {isa = PBXFileReference; fileEncoding = 4; lastKnownFileType = sourcecode.c.h; path = BlockMethods.h; sourceTree = "<group>"; };
		960D5A8518A58362007BF09B /* CMakeLists.txt */ = {isa = PBXFileReference; fileEncoding = 4; lastKnownFileType = text; path = CMakeLists.txt; sourceTree = "<group>"; };
		960D5A8618A58362007BF09B /* CommonCwiseBinaryOps.h */ = {isa = PBXFileReference; fileEncoding = 4; lastKnownFileType = sourcecode.c.h; path = CommonCwiseBinaryOps.h; sourceTree = "<group>"; };
		960D5A8718A58362007BF09B /* CommonCwiseUnaryOps.h */ = {isa = PBXFileReference; fileEncoding = 4; lastKnownFileType = sourcecode.c.h; path = CommonCwiseUnaryOps.h; sourceTree = "<group>"; };
		960D5A8818A58362007BF09B /* MatrixCwiseBinaryOps.h */ = {isa = PBXFileReference; fileEncoding = 4; lastKnownFileType = sourcecode.c.h; path = MatrixCwiseBinaryOps.h; sourceTree = "<group>"; };
		960D5A8918A58362007BF09B /* MatrixCwiseUnaryOps.h */ = {isa = PBXFileReference; fileEncoding = 4; lastKnownFileType = sourcecode.c.h; path = MatrixCwiseUnaryOps.h; sourceTree = "<group>"; };
		960D5A8B18A58362007BF09B /* CMakeLists.txt */ = {isa = PBXFileReference; fileEncoding = 4; lastKnownFileType = text; path = CMakeLists.txt; sourceTree = "<group>"; };
		960D5A8C18A58362007BF09B /* ColPivHouseholderQR.h */ = {isa = PBXFileReference; fileEncoding = 4; lastKnownFileType = sourcecode.c.h; path = ColPivHouseholderQR.h; sourceTree = "<group>"; };
		960D5A8D18A58362007BF09B /* FullPivHouseholderQR.h */ = {isa = PBXFileReference; fileEncoding = 4; lastKnownFileType = sourcecode.c.h; path = FullPivHouseholderQR.h; sourceTree = "<group>"; };
		960D5A8E18A58362007BF09B /* HouseholderQR.h */ = {isa = PBXFileReference; fileEncoding = 4; lastKnownFileType = sourcecode.c.h; path = HouseholderQR.h; sourceTree = "<group>"; };
		960D5A9018A58362007BF09B /* AmbiVector.h */ = {isa = PBXFileReference; fileEncoding = 4; lastKnownFileType = sourcecode.c.h; path = AmbiVector.h; sourceTree = "<group>"; };
		960D5A9118A58362007BF09B /* CMakeLists.txt */ = {isa = PBXFileReference; fileEncoding = 4; lastKnownFileType = text; path = CMakeLists.txt; sourceTree = "<group>"; };
		960D5A9218A58362007BF09B /* CompressedStorage.h */ = {isa = PBXFileReference; fileEncoding = 4; lastKnownFileType = sourcecode.c.h; path = CompressedStorage.h; sourceTree = "<group>"; };
		960D5A9318A58362007BF09B /* CoreIterators.h */ = {isa = PBXFileReference; fileEncoding = 4; lastKnownFileType = sourcecode.c.h; path = CoreIterators.h; sourceTree = "<group>"; };
		960D5A9418A58362007BF09B /* DynamicSparseMatrix.h */ = {isa = PBXFileReference; fileEncoding = 4; lastKnownFileType = sourcecode.c.h; path = DynamicSparseMatrix.h; sourceTree = "<group>"; };
		960D5A9518A58362007BF09B /* MappedSparseMatrix.h */ = {isa = PBXFileReference; fileEncoding = 4; lastKnownFileType = sourcecode.c.h; path = MappedSparseMatrix.h; sourceTree = "<group>"; };
		960D5A9618A58362007BF09B /* SparseAssign.h */ = {isa = PBXFileReference; fileEncoding = 4; lastKnownFileType = sourcecode.c.h; path = SparseAssign.h; sourceTree = "<group>"; };
		960D5A9718A58362007BF09B /* SparseBlock.h */ = {isa = PBXFileReference; fileEncoding = 4; lastKnownFileType = sourcecode.c.h; path = SparseBlock.h; sourceTree = "<group>"; };
		960D5A9818A58362007BF09B /* SparseCwiseBinaryOp.h */ = {isa = PBXFileReference; fileEncoding = 4; lastKnownFileType = sourcecode.c.h; path = SparseCwiseBinaryOp.h; sourceTree = "<group>"; };
		960D5A9918A58362007BF09B /* SparseCwiseUnaryOp.h */ = {isa = PBXFileReference; fileEncoding = 4; lastKnownFileType = sourcecode.c.h; path = SparseCwiseUnaryOp.h; sourceTree = "<group>"; };
		960D5A9A18A58362007BF09B /* SparseDenseProduct.h */ = {isa = PBXFileReference; fileEncoding = 4; lastKnownFileType = sourcecode.c.h; path = SparseDenseProduct.h; sourceTree = "<group>"; };
		960D5A9B18A58362007BF09B /* SparseDiagonalProduct.h */ = {isa = PBXFileReference; fileEncoding = 4; lastKnownFileType = sourcecode.c.h; path = SparseDiagonalProduct.h; sourceTree = "<group>"; };
		960D5A9C18A58362007BF09B /* SparseDot.h */ = {isa = PBXFileReference; fileEncoding = 4; lastKnownFileType = sourcecode.c.h; path = SparseDot.h; sourceTree = "<group>"; };
		960D5A9D18A58362007BF09B /* SparseFuzzy.h */ = {isa = PBXFileReference; fileEncoding = 4; lastKnownFileType = sourcecode.c.h; path = SparseFuzzy.h; sourceTree = "<group>"; };
		960D5A9E18A58362007BF09B /* SparseMatrix.h */ = {isa = PBXFileReference; fileEncoding = 4; lastKnownFileType = sourcecode.c.h; path = SparseMatrix.h; sourceTree = "<group>"; };
		960D5A9F18A58362007BF09B /* SparseMatrixBase.h */ = {isa = PBXFileReference; fileEncoding = 4; lastKnownFileType = sourcecode.c.h; path = SparseMatrixBase.h; sourceTree = "<group>"; };
		960D5AA018A58362007BF09B /* SparseProduct.h */ = {isa = PBXFileReference; fileEncoding = 4; lastKnownFileType = sourcecode.c.h; path = SparseProduct.h; sourceTree = "<group>"; };
		960D5AA118A58362007BF09B /* SparseRedux.h */ = {isa = PBXFileReference; fileEncoding = 4; lastKnownFileType = sourcecode.c.h; path = SparseRedux.h; sourceTree = "<group>"; };
		960D5AA218A58362007BF09B /* SparseSelfAdjointView.h */ = {isa = PBXFileReference; fileEncoding = 4; lastKnownFileType = sourcecode.c.h; path = SparseSelfAdjointView.h; sourceTree = "<group>"; };
		960D5AA318A58362007BF09B /* SparseSparseProduct.h */ = {isa = PBXFileReference; fileEncoding = 4; lastKnownFileType = sourcecode.c.h; path = SparseSparseProduct.h; sourceTree = "<group>"; };
		960D5AA418A58362007BF09B /* SparseTranspose.h */ = {isa = PBXFileReference; fileEncoding = 4; lastKnownFileType = sourcecode.c.h; path = SparseTranspose.h; sourceTree = "<group>"; };
		960D5AA518A58362007BF09B /* SparseTriangularView.h */ = {isa = PBXFileReference; fileEncoding = 4; lastKnownFileType = sourcecode.c.h; path = SparseTriangularView.h; sourceTree = "<group>"; };
		960D5AA618A58362007BF09B /* SparseUtil.h */ = {isa = PBXFileReference; fileEncoding = 4; lastKnownFileType = sourcecode.c.h; path = SparseUtil.h; sourceTree = "<group>"; };
		960D5AA718A58362007BF09B /* SparseVector.h */ = {isa = PBXFileReference; fileEncoding = 4; lastKnownFileType = sourcecode.c.h; path = SparseVector.h; sourceTree = "<group>"; };
		960D5AA818A58362007BF09B /* SparseView.h */ = {isa = PBXFileReference; fileEncoding = 4; lastKnownFileType = sourcecode.c.h; path = SparseView.h; sourceTree = "<group>"; };
		960D5AA918A58362007BF09B /* TriangularSolver.h */ = {isa = PBXFileReference; fileEncoding = 4; lastKnownFileType = sourcecode.c.h; path = TriangularSolver.h; sourceTree = "<group>"; };
		960D5AAB18A58362007BF09B /* CMakeLists.txt */ = {isa = PBXFileReference; fileEncoding = 4; lastKnownFileType = text; path = CMakeLists.txt; sourceTree = "<group>"; };
		960D5AAC18A58362007BF09B /* details.h */ = {isa = PBXFileReference; fileEncoding = 4; lastKnownFileType = sourcecode.c.h; path = details.h; sourceTree = "<group>"; };
		960D5AAD18A58362007BF09B /* StdDeque.h */ = {isa = PBXFileReference; fileEncoding = 4; lastKnownFileType = sourcecode.c.h; path = StdDeque.h; sourceTree = "<group>"; };
		960D5AAE18A58362007BF09B /* StdList.h */ = {isa = PBXFileReference; fileEncoding = 4; lastKnownFileType = sourcecode.c.h; path = StdList.h; sourceTree = "<group>"; };
		960D5AAF18A58362007BF09B /* StdVector.h */ = {isa = PBXFileReference; fileEncoding = 4; lastKnownFileType = sourcecode.c.h; path = StdVector.h; sourceTree = "<group>"; };
		960D5AB118A58362007BF09B /* CMakeLists.txt */ = {isa = PBXFileReference; fileEncoding = 4; lastKnownFileType = text; path = CMakeLists.txt; sourceTree = "<group>"; };
		960D5AB218A58362007BF09B /* JacobiSVD.h */ = {isa = PBXFileReference; fileEncoding = 4; lastKnownFileType = sourcecode.c.h; path = JacobiSVD.h; sourceTree = "<group>"; };
		960D5AB318A58362007BF09B /* UpperBidiagonalization.h */ = {isa = PBXFileReference; fileEncoding = 4; lastKnownFileType = sourcecode.c.h; path = UpperBidiagonalization.h; sourceTree = "<group>"; };
		960D5AB418A58362007BF09B /* StdDeque */ = {isa = PBXFileReference; fileEncoding = 4; lastKnownFileType = text; path = StdDeque; sourceTree = "<group>"; };
		960D5AB518A58362007BF09B /* StdList */ = {isa = PBXFileReference; fileEncoding = 4; lastKnownFileType = text; path = StdList; sourceTree = "<group>"; };
		960D5AB618A58362007BF09B /* StdVector */ = {isa = PBXFileReference; fileEncoding = 4; lastKnownFileType = text; path = StdVector; sourceTree = "<group>"; };
		960D5AB718A58362007BF09B /* SVD */ = {isa = PBXFileReference; fileEncoding = 4; lastKnownFileType = text; path = SVD; sourceTree = "<group>"; };
		9638664018A6E7D200486B25 /* PointLight.h */ = {isa = PBXFileReference; fileEncoding = 4; lastKnownFileType = sourcecode.c.h; path = PointLight.h; sourceTree = "<group>"; };
		9638683E18A8206300486B25 /* Camera.h */ = {isa = PBXFileReference; fileEncoding = 4; lastKnownFileType = sourcecode.c.h; path = Camera.h; sourceTree = "<group>"; };
		963DF4EF18EB482800D61F31 /* OpenGL.framework */ = {isa = PBXFileReference; lastKnownFileType = wrapper.framework; name = OpenGL.framework; path = ../../../../../../System/Library/Frameworks/OpenGL.framework; sourceTree = "<group>"; };
		963DF4F118EB483900D61F31 /* GLUT.framework */ = {isa = PBXFileReference; lastKnownFileType = wrapper.framework; name = GLUT.framework; path = ../../../../../../System/Library/Frameworks/GLUT.framework; sourceTree = "<group>"; };
		964177F718D7348900B783C7 /* Normal.h */ = {isa = PBXFileReference; fileEncoding = 4; lastKnownFileType = sourcecode.c.h; path = Normal.h; sourceTree = "<group>"; };
		964178F318D776A000B783C7 /* Projection.h */ = {isa = PBXFileReference; fileEncoding = 4; lastKnownFileType = sourcecode.c.h; path = Projection.h; sourceTree = "<group>"; };
		9658DCCD18B039F30043172E /* Lambert.h */ = {isa = PBXFileReference; fileEncoding = 4; lastKnownFileType = sourcecode.c.h; path = Lambert.h; sourceTree = "<group>"; };
		9658DDED18B04C7F0043172E /* Gooch.h */ = {isa = PBXFileReference; fileEncoding = 4; lastKnownFileType = sourcecode.c.h; path = Gooch.h; sourceTree = "<group>"; };
		9658DE2D18B058EB0043172E /* Plane.h */ = {isa = PBXFileReference; fileEncoding = 4; lastKnownFileType = sourcecode.c.h; path = Plane.h; sourceTree = "<group>"; };
		9658DE6B18B0600D0043172E /* FlatShader.h */ = {isa = PBXFileReference; fileEncoding = 4; lastKnownFileType = sourcecode.c.h; path = FlatShader.h; sourceTree = "<group>"; };
		9658DFCF18B184660043172E /* AreaLight.h */ = {isa = PBXFileReference; fileEncoding = 4; lastKnownFileType = sourcecode.c.h; path = AreaLight.h; sourceTree = "<group>"; };
		96706DAF18E872D60067FC14 /* Mirror.h */ = {isa = PBXFileReference; fileEncoding = 4; lastKnownFileType = sourcecode.c.h; path = Mirror.h; sourceTree = "<group>"; };
		96706DE618E88C890067FC14 /* Environment.h */ = {isa = PBXFileReference; fileEncoding = 4; lastKnownFileType = sourcecode.c.h; path = Environment.h; sourceTree = "<group>"; };
		9670721C18E8FD830067FC14 /* GeneralShader.h */ = {isa = PBXFileReference; fileEncoding = 4; lastKnownFileType = sourcecode.c.h; path = GeneralShader.h; sourceTree = "<group>"; };
		9692442218FC3A6A005DA39B /* Fresnel.h */ = {isa = PBXFileReference; lastKnownFileType = sourcecode.c.h; path = Fresnel.h; sourceTree = "<group>"; };
		9692442318FDB36C005DA39B /* Glass.h */ = {isa = PBXFileReference; lastKnownFileType = sourcecode.c.h; path = Glass.h; sourceTree = "<group>"; };
		969E664A18EB532500289378 /* libpng15.framework */ = {isa = PBXFileReference; lastKnownFileType = wrapper.framework; name = libpng15.framework; path = ../../../../../../Library/Frameworks/libpng15.framework; sourceTree = "<group>"; };
		96A454D018CF59CA00169DB4 /* Bump.h */ = {isa = PBXFileReference; fileEncoding = 4; lastKnownFileType = sourcecode.c.h; path = Bump.h; sourceTree = "<group>"; };
		96A5CA91190AFB4E00726E08 /* final.sdf */ = {isa = PBXFileReference; fileEncoding = 4; lastKnownFileType = text; name = final.sdf; path = ../Scenes/final.sdf; sourceTree = "<group>"; };
		96A5CA92190C564600726E08 /* animation.sdf */ = {isa = PBXFileReference; fileEncoding = 4; lastKnownFileType = text; name = animation.sdf; path = ../Scenes/animation.sdf; sourceTree = "<group>"; };
		96A5F4E518CCB9CE00B18784 /* Image.h */ = {isa = PBXFileReference; fileEncoding = 4; lastKnownFileType = sourcecode.c.h; path = Image.h; sourceTree = "<group>"; };
		96A5F4E618CCB9CE00B18784 /* Image.cpp */ = {isa = PBXFileReference; fileEncoding = 4; lastKnownFileType = sourcecode.cpp.cpp; path = Image.cpp; sourceTree = "<group>"; };
		96A5F4E918CCBFDD00B18784 /* PNGhelp.h */ = {isa = PBXFileReference; fileEncoding = 4; lastKnownFileType = sourcecode.c.h; path = PNGhelp.h; sourceTree = "<group>"; };
		96A5F4EE18CD11ED00B18784 /* Texture.h */ = {isa = PBXFileReference; fileEncoding = 4; lastKnownFileType = sourcecode.c.h; path = Texture.h; sourceTree = "<group>"; };
		96A5F4F018CD167400B18784 /* Texture2D.h */ = {isa = PBXFileReference; fileEncoding = 4; lastKnownFileType = sourcecode.c.h; path = Texture2D.h; sourceTree = "<group>"; };
		96CDC85E18A437F100BB39ED /* Object.h */ = {isa = PBXFileReference; fileEncoding = 4; lastKnownFileType = sourcecode.c.h; path = Object.h; sourceTree = "<group>"; };
		96CDC86018A442B300BB39ED /* Light.h */ = {isa = PBXFileReference; fileEncoding = 4; lastKnownFileType = sourcecode.c.h; path = Light.h; sourceTree = "<group>"; };
		96CDC86118A4430700BB39ED /* Ray.h */ = {isa = PBXFileReference; fileEncoding = 4; lastKnownFileType = sourcecode.c.h; path = Ray.h; sourceTree = "<group>"; };
		96CDC86218A4447700BB39ED /* Color.h */ = {isa = PBXFileReference; fileEncoding = 4; lastKnownFileType = sourcecode.c.h; path = Color.h; sourceTree = "<group>"; };
		96CDC86318A46F5B00BB39ED /* Color.cpp */ = {isa = PBXFileReference; fileEncoding = 4; lastKnownFileType = sourcecode.cpp.cpp; path = Color.cpp; sourceTree = "<group>"; };
		96CDC86918A47BEF00BB39ED /* test.sdf */ = {isa = PBXFileReference; fileEncoding = 4; lastKnownFileType = text; name = test.sdf; path = ../Scenes/test.sdf; sourceTree = SOURCE_ROOT; };
		96CDC87218A51FA300BB39ED /* Sphere.h */ = {isa = PBXFileReference; fileEncoding = 4; lastKnownFileType = sourcecode.c.h; path = Sphere.h; sourceTree = "<group>"; };
		96CDC87518A5481100BB39ED /* Scene.h */ = {isa = PBXFileReference; fileEncoding = 4; lastKnownFileType = sourcecode.c.h; path = Scene.h; sourceTree = "<group>"; };
		96D06B7518AD285000161DD7 /* Shader.h */ = {isa = PBXFileReference; fileEncoding = 4; lastKnownFileType = sourcecode.c.h; path = Shader.h; sourceTree = "<group>"; };
		96D06B7D18AD3D5800161DD7 /* Phong.h */ = {isa = PBXFileReference; fileEncoding = 4; lastKnownFileType = sourcecode.c.h; path = Phong.h; sourceTree = "<group>"; };
		96D06C3118AD5B8700161DD7 /* Parse.h */ = {isa = PBXFileReference; fileEncoding = 4; lastKnownFileType = sourcecode.c.h; path = Parse.h; sourceTree = "<group>"; };
		96D06C3218AD5B8700161DD7 /* Parse.cpp */ = {isa = PBXFileReference; fileEncoding = 4; lastKnownFileType = sourcecode.cpp.cpp; path = Parse.cpp; sourceTree = "<group>"; };
		96D06C6518AD655F00161DD7 /* Primitive.h */ = {isa = PBXFileReference; fileEncoding = 4; lastKnownFileType = sourcecode.c.h; path = Primitive.h; sourceTree = "<group>"; };
		96D06C7218AD6B7000161DD7 /* KDTree.h */ = {isa = PBXFileReference; fileEncoding = 4; lastKnownFileType = sourcecode.c.h; path = KDTree.h; sourceTree = "<group>"; };
		96D06C7318AD6B7000161DD7 /* KDTree.cpp */ = {isa = PBXFileReference; fileEncoding = 4; lastKnownFileType = sourcecode.cpp.cpp; path = KDTree.cpp; sourceTree = "<group>"; };
		96D06C8618AD8F2D00161DD7 /* Box.h */ = {isa = PBXFileReference; fileEncoding = 4; lastKnownFileType = sourcecode.c.h; path = Box.h; sourceTree = "<group>"; };
		96D2295A18E25C77001DC57E /* obj_test.sdf */ = {isa = PBXFileReference; fileEncoding = 4; lastKnownFileType = text; name = obj_test.sdf; path = ../Scenes/obj_test.sdf; sourceTree = SOURCE_ROOT; };
		96D45BCF18D6318D008ACD73 /* Cloud.h */ = {isa = PBXFileReference; fileEncoding = 4; lastKnownFileType = sourcecode.c.h; path = Cloud.h; sourceTree = "<group>"; };
		96D45C2118D6512D008ACD73 /* VCloud.h */ = {isa = PBXFileReference; fileEncoding = 4; lastKnownFileType = sourcecode.c.h; path = VCloud.h; sourceTree = "<group>"; };
		96E1490C18DF709D0050731A /* Triangle.h */ = {isa = PBXFileReference; fileEncoding = 4; lastKnownFileType = sourcecode.c.h; path = Triangle.h; sourceTree = "<group>"; };
		96E92AC418ADBD8D00E25A6B /* StdDefs.h */ = {isa = PBXFileReference; fileEncoding = 4; lastKnownFileType = sourcecode.c.h; path = StdDefs.h; sourceTree = "<group>"; };
		96E92AE518ADBF4B00E25A6B /* StdDefs.cpp */ = {isa = PBXFileReference; fileEncoding = 4; lastKnownFileType = sourcecode.cpp.cpp; path = StdDefs.cpp; sourceTree = "<group>"; };
		96F9236819057A6300AFA1A0 /* PerspectiveCamera.h */ = {isa = PBXFileReference; lastKnownFileType = sourcecode.c.h; path = PerspectiveCamera.h; sourceTree = "<group>"; };
		96F9236A1905829600AFA1A0 /* DepthOfFieldCamera.h */ = {isa = PBXFileReference; lastKnownFileType = sourcecode.c.h; path = DepthOfFieldCamera.h; sourceTree = "<group>"; };
		96F9236B19078AE200AFA1A0 /* PaintingCamera.h */ = {isa = PBXFileReference; lastKnownFileType = sourcecode.c.h; path = PaintingCamera.h; sourceTree = "<group>"; };
		96FA9A3818C3995400381896 /* lightTest.sdf */ = {isa = PBXFileReference; fileEncoding = 4; lastKnownFileType = text; name = lightTest.sdf; path = ../Scenes/lightTest.sdf; sourceTree = SOURCE_ROOT; };
		96FA9A3D18C39A5E00381896 /* SpotLight.h */ = {isa = PBXFileReference; fileEncoding = 4; lastKnownFileType = sourcecode.c.h; path = SpotLight.h; sourceTree = "<group>"; };
		96FA9A4318C39C0600381896 /* Cone.h */ = {isa = PBXFileReference; fileEncoding = 4; lastKnownFileType = sourcecode.c.h; path = Cone.h; sourceTree = "<group>"; };
		96FA9A4D18C39F9800381896 /* Ellipsoid.h */ = {isa = PBXFileReference; fileEncoding = 4; lastKnownFileType = sourcecode.c.h; path = Ellipsoid.h; sourceTree = "<group>"; };
		C6859E8B029090EE04C91782 /* Raytracer.1 */ = {isa = PBXFileReference; lastKnownFileType = text.man; path = Raytracer.1; sourceTree = "<group>"; };
/* End PBXFileReference section */

/* Begin PBXFrameworksBuildPhase section */
		8DD76F660486A84900D96B5E /* Frameworks */ = {
			isa = PBXFrameworksBuildPhase;
			buildActionMask = 2147483647;
			files = (
				969E664B18EB532500289378 /* libpng15.framework in Frameworks */,
				963DF4F018EB482800D61F31 /* OpenGL.framework in Frameworks */,
				963DF4F218EB483900D61F31 /* GLUT.framework in Frameworks */,
			);
			runOnlyForDeploymentPostprocessing = 0;
		};
/* End PBXFrameworksBuildPhase section */

/* Begin PBXGroup section */
		08FB7794FE84155DC02AAC07 /* Raytracer */ = {
			isa = PBXGroup;
			children = (
				969E664A18EB532500289378 /* libpng15.framework */,
				963DF4F118EB483900D61F31 /* GLUT.framework */,
				963DF4EF18EB482800D61F31 /* OpenGL.framework */,
				08FB7795FE84155DC02AAC07 /* Source */,
				C6859E8C029090F304C91782 /* Documentation */,
				1AB674ADFE9D54B511CA2CBB /* Products */,
			);
			name = Raytracer;
			sourceTree = "<group>";
		};
		08FB7795FE84155DC02AAC07 /* Source */ = {
			isa = PBXGroup;
			children = (
				96CDC86818A47BB700BB39ED /* Scenes */,
				08FB7796FE84155DC02AAC07 /* main.cpp */,
				965997D518DA022300C31C78 /* Utilities */,
				96F9236919057DBA00AFA1A0 /* Cameras */,
				96A454D218CF5B6C00169DB4 /* Textures */,
				96D06B7718AD286500161DD7 /* Shaders */,
				963866CA18A72B0A00486B25 /* Objects */,
				963866C918A72AF400486B25 /* Lights */,
				9658DE1818B052640043172E /* KDTree */,
				960D59AE18A58362007BF09B /* Eigen */,
			);
			name = Source;
			sourceTree = "<group>";
		};
		1AB674ADFE9D54B511CA2CBB /* Products */ = {
			isa = PBXGroup;
			children = (
				8DD76F6C0486A84900D96B5E /* Raytracer */,
			);
			name = Products;
			sourceTree = "<group>";
		};
		960D59AE18A58362007BF09B /* Eigen */ = {
			isa = PBXGroup;
			children = (
				960D59AF18A58362007BF09B /* Array */,
				960D59B018A58362007BF09B /* Cholesky */,
				960D59B118A58362007BF09B /* CMakeLists.txt */,
				960D59B218A58362007BF09B /* Core */,
				960D59B318A58362007BF09B /* Dense */,
				960D59B418A58362007BF09B /* Eigen */,
				960D59B518A58362007BF09B /* Eigen2Support */,
				960D59B618A58362007BF09B /* Eigenvalues */,
				960D59B718A58362007BF09B /* Geometry */,
				960D59B818A58362007BF09B /* Householder */,
				960D59B918A58362007BF09B /* Jacobi */,
				960D59BA18A58362007BF09B /* LeastSquares */,
				960D59BB18A58362007BF09B /* LU */,
				960D59BC18A58362007BF09B /* QR */,
				960D59BD18A58362007BF09B /* QtAlignedMalloc */,
				960D59BE18A58362007BF09B /* Sparse */,
				960D59BF18A58362007BF09B /* src */,
				960D5AB418A58362007BF09B /* StdDeque */,
				960D5AB518A58362007BF09B /* StdList */,
				960D5AB618A58362007BF09B /* StdVector */,
				960D5AB718A58362007BF09B /* SVD */,
			);
			path = Eigen;
			sourceTree = "<group>";
		};
		960D59BF18A58362007BF09B /* src */ = {
			isa = PBXGroup;
			children = (
				960D59C018A58362007BF09B /* Cholesky */,
				960D59C418A58362007BF09B /* CMakeLists.txt */,
				960D59C518A58362007BF09B /* Core */,
				960D5A2E18A58362007BF09B /* Eigen2Support */,
				960D5A4C18A58362007BF09B /* Eigenvalues */,
				960D5A5818A58362007BF09B /* Geometry */,
				960D5A6B18A58362007BF09B /* Householder */,
				960D5A7018A58362007BF09B /* Jacobi */,
				960D5A7318A58362007BF09B /* LU */,
				960D5A7C18A58362007BF09B /* misc */,
				960D5A8118A58362007BF09B /* plugins */,
				960D5A8A18A58362007BF09B /* QR */,
				960D5A8F18A58362007BF09B /* Sparse */,
				960D5AAA18A58362007BF09B /* StlSupport */,
				960D5AB018A58362007BF09B /* SVD */,
			);
			path = src;
			sourceTree = "<group>";
		};
		960D59C018A58362007BF09B /* Cholesky */ = {
			isa = PBXGroup;
			children = (
				960D59C118A58362007BF09B /* CMakeLists.txt */,
				960D59C218A58362007BF09B /* LDLT.h */,
				960D59C318A58362007BF09B /* LLT.h */,
			);
			path = Cholesky;
			sourceTree = "<group>";
		};
		960D59C518A58362007BF09B /* Core */ = {
			isa = PBXGroup;
			children = (
				960D59C618A58362007BF09B /* arch */,
				960D59D818A58362007BF09B /* Array.h */,
				960D59D918A58362007BF09B /* ArrayBase.h */,
				960D59DA18A58362007BF09B /* ArrayWrapper.h */,
				960D59DB18A58362007BF09B /* Assign.h */,
				960D59DC18A58362007BF09B /* BandMatrix.h */,
				960D59DD18A58362007BF09B /* Block.h */,
				960D59DE18A58362007BF09B /* BooleanRedux.h */,
				960D59DF18A58362007BF09B /* CMakeLists.txt */,
				960D59E018A58362007BF09B /* CommaInitializer.h */,
				960D59E118A58362007BF09B /* CwiseBinaryOp.h */,
				960D59E218A58362007BF09B /* CwiseNullaryOp.h */,
				960D59E318A58362007BF09B /* CwiseUnaryOp.h */,
				960D59E418A58362007BF09B /* CwiseUnaryView.h */,
				960D59E518A58362007BF09B /* DenseBase.h */,
				960D59E618A58362007BF09B /* DenseCoeffsBase.h */,
				960D59E718A58362007BF09B /* DenseStorage.h */,
				960D59E818A58362007BF09B /* Diagonal.h */,
				960D59E918A58362007BF09B /* DiagonalMatrix.h */,
				960D59EA18A58362007BF09B /* DiagonalProduct.h */,
				960D59EB18A58362007BF09B /* Dot.h */,
				960D59EC18A58362007BF09B /* EigenBase.h */,
				960D59ED18A58362007BF09B /* Flagged.h */,
				960D59EE18A58362007BF09B /* ForceAlignedAccess.h */,
				960D59EF18A58362007BF09B /* Functors.h */,
				960D59F018A58362007BF09B /* Fuzzy.h */,
				960D59F118A58362007BF09B /* GenericPacketMath.h */,
				960D59F218A58362007BF09B /* GlobalFunctions.h */,
				960D59F318A58362007BF09B /* IO.h */,
				960D59F418A58362007BF09B /* Map.h */,
				960D59F518A58362007BF09B /* MapBase.h */,
				960D59F618A58362007BF09B /* MathFunctions.h */,
				960D59F718A58362007BF09B /* Matrix.h */,
				960D59F818A58362007BF09B /* MatrixBase.h */,
				960D59F918A58362007BF09B /* NestByValue.h */,
				960D59FA18A58362007BF09B /* NoAlias.h */,
				960D59FB18A58362007BF09B /* NumTraits.h */,
				960D59FC18A58362007BF09B /* PermutationMatrix.h */,
				960D59FD18A58362007BF09B /* PlainObjectBase.h */,
				960D59FE18A58362007BF09B /* Product.h */,
				960D59FF18A58362007BF09B /* ProductBase.h */,
				960D5A0018A58362007BF09B /* products */,
				960D5A1018A58362007BF09B /* Random.h */,
				960D5A1118A58362007BF09B /* Redux.h */,
				960D5A1218A58362007BF09B /* Replicate.h */,
				960D5A1318A58362007BF09B /* ReturnByValue.h */,
				960D5A1418A58362007BF09B /* Reverse.h */,
				960D5A1518A58362007BF09B /* Select.h */,
				960D5A1618A58362007BF09B /* SelfAdjointView.h */,
				960D5A1718A58362007BF09B /* SelfCwiseBinaryOp.h */,
				960D5A1818A58362007BF09B /* SolveTriangular.h */,
				960D5A1918A58362007BF09B /* StableNorm.h */,
				960D5A1A18A58362007BF09B /* Stride.h */,
				960D5A1B18A58362007BF09B /* Swap.h */,
				960D5A1C18A58362007BF09B /* Transpose.h */,
				960D5A1D18A58362007BF09B /* Transpositions.h */,
				960D5A1E18A58362007BF09B /* TriangularMatrix.h */,
				960D5A1F18A58362007BF09B /* util */,
				960D5A2B18A58362007BF09B /* VectorBlock.h */,
				960D5A2C18A58362007BF09B /* VectorwiseOp.h */,
				960D5A2D18A58362007BF09B /* Visitor.h */,
			);
			path = Core;
			sourceTree = "<group>";
		};
		960D59C618A58362007BF09B /* arch */ = {
			isa = PBXGroup;
			children = (
				960D59C718A58362007BF09B /* AltiVec */,
				960D59CB18A58362007BF09B /* CMakeLists.txt */,
				960D59CC18A58362007BF09B /* Default */,
				960D59CF18A58362007BF09B /* NEON */,
				960D59D318A58362007BF09B /* SSE */,
			);
			path = arch;
			sourceTree = "<group>";
		};
		960D59C718A58362007BF09B /* AltiVec */ = {
			isa = PBXGroup;
			children = (
				960D59C818A58362007BF09B /* CMakeLists.txt */,
				960D59C918A58362007BF09B /* Complex.h */,
				960D59CA18A58362007BF09B /* PacketMath.h */,
			);
			path = AltiVec;
			sourceTree = "<group>";
		};
		960D59CC18A58362007BF09B /* Default */ = {
			isa = PBXGroup;
			children = (
				960D59CD18A58362007BF09B /* CMakeLists.txt */,
				960D59CE18A58362007BF09B /* Settings.h */,
			);
			path = Default;
			sourceTree = "<group>";
		};
		960D59CF18A58362007BF09B /* NEON */ = {
			isa = PBXGroup;
			children = (
				960D59D018A58362007BF09B /* CMakeLists.txt */,
				960D59D118A58362007BF09B /* Complex.h */,
				960D59D218A58362007BF09B /* PacketMath.h */,
			);
			path = NEON;
			sourceTree = "<group>";
		};
		960D59D318A58362007BF09B /* SSE */ = {
			isa = PBXGroup;
			children = (
				960D59D418A58362007BF09B /* CMakeLists.txt */,
				960D59D518A58362007BF09B /* Complex.h */,
				960D59D618A58362007BF09B /* MathFunctions.h */,
				960D59D718A58362007BF09B /* PacketMath.h */,
			);
			path = SSE;
			sourceTree = "<group>";
		};
		960D5A0018A58362007BF09B /* products */ = {
			isa = PBXGroup;
			children = (
				960D5A0118A58362007BF09B /* CMakeLists.txt */,
				960D5A0218A58362007BF09B /* CoeffBasedProduct.h */,
				960D5A0318A58362007BF09B /* GeneralBlockPanelKernel.h */,
				960D5A0418A58362007BF09B /* GeneralMatrixMatrix.h */,
				960D5A0518A58362007BF09B /* GeneralMatrixMatrixTriangular.h */,
				960D5A0618A58362007BF09B /* GeneralMatrixVector.h */,
				960D5A0718A58362007BF09B /* Parallelizer.h */,
				960D5A0818A58362007BF09B /* SelfadjointMatrixMatrix.h */,
				960D5A0918A58362007BF09B /* SelfadjointMatrixVector.h */,
				960D5A0A18A58362007BF09B /* SelfadjointProduct.h */,
				960D5A0B18A58362007BF09B /* SelfadjointRank2Update.h */,
				960D5A0C18A58362007BF09B /* TriangularMatrixMatrix.h */,
				960D5A0D18A58362007BF09B /* TriangularMatrixVector.h */,
				960D5A0E18A58362007BF09B /* TriangularSolverMatrix.h */,
				960D5A0F18A58362007BF09B /* TriangularSolverVector.h */,
			);
			path = products;
			sourceTree = "<group>";
		};
		960D5A1F18A58362007BF09B /* util */ = {
			isa = PBXGroup;
			children = (
				960D5A2018A58362007BF09B /* BlasUtil.h */,
				960D5A2118A58362007BF09B /* CMakeLists.txt */,
				960D5A2218A58362007BF09B /* Constants.h */,
				960D5A2318A58362007BF09B /* DisableStupidWarnings.h */,
				960D5A2418A58362007BF09B /* ForwardDeclarations.h */,
				960D5A2518A58362007BF09B /* Macros.h */,
				960D5A2618A58362007BF09B /* Memory.h */,
				960D5A2718A58362007BF09B /* Meta.h */,
				960D5A2818A58362007BF09B /* ReenableStupidWarnings.h */,
				960D5A2918A58362007BF09B /* StaticAssert.h */,
				960D5A2A18A58362007BF09B /* XprHelper.h */,
			);
			path = util;
			sourceTree = "<group>";
		};
		960D5A2E18A58362007BF09B /* Eigen2Support */ = {
			isa = PBXGroup;
			children = (
				960D5A2F18A58362007BF09B /* Block.h */,
				960D5A3018A58362007BF09B /* CMakeLists.txt */,
				960D5A3118A58362007BF09B /* Cwise.h */,
				960D5A3218A58362007BF09B /* CwiseOperators.h */,
				960D5A3318A58362007BF09B /* Geometry */,
				960D5A4018A58362007BF09B /* Lazy.h */,
				960D5A4118A58362007BF09B /* LeastSquares.h */,
				960D5A4218A58362007BF09B /* LU.h */,
				960D5A4318A58362007BF09B /* Macros.h */,
				960D5A4418A58362007BF09B /* MathFunctions.h */,
				960D5A4518A58362007BF09B /* Memory.h */,
				960D5A4618A58362007BF09B /* Meta.h */,
				960D5A4718A58362007BF09B /* Minor.h */,
				960D5A4818A58362007BF09B /* QR.h */,
				960D5A4918A58362007BF09B /* SVD.h */,
				960D5A4A18A58362007BF09B /* TriangularSolver.h */,
				960D5A4B18A58362007BF09B /* VectorBlock.h */,
			);
			path = Eigen2Support;
			sourceTree = "<group>";
		};
		960D5A3318A58362007BF09B /* Geometry */ = {
			isa = PBXGroup;
			children = (
				960D5A3418A58362007BF09B /* AlignedBox.h */,
				960D5A3518A58362007BF09B /* All.h */,
				960D5A3618A58362007BF09B /* AngleAxis.h */,
				960D5A3718A58362007BF09B /* CMakeLists.txt */,
				960D5A3818A58362007BF09B /* Hyperplane.h */,
				960D5A3918A58362007BF09B /* ParametrizedLine.h */,
				960D5A3A18A58362007BF09B /* Quaternion.h */,
				960D5A3B18A58362007BF09B /* Rotation2D.h */,
				960D5A3C18A58362007BF09B /* RotationBase.h */,
				960D5A3D18A58362007BF09B /* Scaling.h */,
				960D5A3E18A58362007BF09B /* Transform.h */,
				960D5A3F18A58362007BF09B /* Translation.h */,
			);
			path = Geometry;
			sourceTree = "<group>";
		};
		960D5A4C18A58362007BF09B /* Eigenvalues */ = {
			isa = PBXGroup;
			children = (
				960D5A4D18A58362007BF09B /* CMakeLists.txt */,
				960D5A4E18A58362007BF09B /* ComplexEigenSolver.h */,
				960D5A4F18A58362007BF09B /* ComplexSchur.h */,
				960D5A5018A58362007BF09B /* EigenSolver.h */,
				960D5A5118A58362007BF09B /* EigenvaluesCommon.h */,
				960D5A5218A58362007BF09B /* GeneralizedSelfAdjointEigenSolver.h */,
				960D5A5318A58362007BF09B /* HessenbergDecomposition.h */,
				960D5A5418A58362007BF09B /* MatrixBaseEigenvalues.h */,
				960D5A5518A58362007BF09B /* RealSchur.h */,
				960D5A5618A58362007BF09B /* SelfAdjointEigenSolver.h */,
				960D5A5718A58362007BF09B /* Tridiagonalization.h */,
			);
			path = Eigenvalues;
			sourceTree = "<group>";
		};
		960D5A5818A58362007BF09B /* Geometry */ = {
			isa = PBXGroup;
			children = (
				960D5A5918A58362007BF09B /* AlignedBox.h */,
				960D5A5A18A58362007BF09B /* AngleAxis.h */,
				960D5A5B18A58362007BF09B /* arch */,
				960D5A5E18A58362007BF09B /* CMakeLists.txt */,
				960D5A5F18A58362007BF09B /* EulerAngles.h */,
				960D5A6018A58362007BF09B /* Homogeneous.h */,
				960D5A6118A58362007BF09B /* Hyperplane.h */,
				960D5A6218A58362007BF09B /* OrthoMethods.h */,
				960D5A6318A58362007BF09B /* ParametrizedLine.h */,
				960D5A6418A58362007BF09B /* Quaternion.h */,
				960D5A6518A58362007BF09B /* Rotation2D.h */,
				960D5A6618A58362007BF09B /* RotationBase.h */,
				960D5A6718A58362007BF09B /* Scaling.h */,
				960D5A6818A58362007BF09B /* Transform.h */,
				960D5A6918A58362007BF09B /* Translation.h */,
				960D5A6A18A58362007BF09B /* Umeyama.h */,
			);
			path = Geometry;
			sourceTree = "<group>";
		};
		960D5A5B18A58362007BF09B /* arch */ = {
			isa = PBXGroup;
			children = (
				960D5A5C18A58362007BF09B /* CMakeLists.txt */,
				960D5A5D18A58362007BF09B /* Geometry_SSE.h */,
			);
			path = arch;
			sourceTree = "<group>";
		};
		960D5A6B18A58362007BF09B /* Householder */ = {
			isa = PBXGroup;
			children = (
				960D5A6C18A58362007BF09B /* BlockHouseholder.h */,
				960D5A6D18A58362007BF09B /* CMakeLists.txt */,
				960D5A6E18A58362007BF09B /* Householder.h */,
				960D5A6F18A58362007BF09B /* HouseholderSequence.h */,
			);
			path = Householder;
			sourceTree = "<group>";
		};
		960D5A7018A58362007BF09B /* Jacobi */ = {
			isa = PBXGroup;
			children = (
				960D5A7118A58362007BF09B /* CMakeLists.txt */,
				960D5A7218A58362007BF09B /* Jacobi.h */,
			);
			path = Jacobi;
			sourceTree = "<group>";
		};
		960D5A7318A58362007BF09B /* LU */ = {
			isa = PBXGroup;
			children = (
				960D5A7418A58362007BF09B /* arch */,
				960D5A7718A58362007BF09B /* CMakeLists.txt */,
				960D5A7818A58362007BF09B /* Determinant.h */,
				960D5A7918A58362007BF09B /* FullPivLU.h */,
				960D5A7A18A58362007BF09B /* Inverse.h */,
				960D5A7B18A58362007BF09B /* PartialPivLU.h */,
			);
			path = LU;
			sourceTree = "<group>";
		};
		960D5A7418A58362007BF09B /* arch */ = {
			isa = PBXGroup;
			children = (
				960D5A7518A58362007BF09B /* CMakeLists.txt */,
				960D5A7618A58362007BF09B /* Inverse_SSE.h */,
			);
			path = arch;
			sourceTree = "<group>";
		};
		960D5A7C18A58362007BF09B /* misc */ = {
			isa = PBXGroup;
			children = (
				960D5A7D18A58362007BF09B /* CMakeLists.txt */,
				960D5A7E18A58362007BF09B /* Image.h */,
				960D5A7F18A58362007BF09B /* Kernel.h */,
				960D5A8018A58362007BF09B /* Solve.h */,
			);
			path = misc;
			sourceTree = "<group>";
		};
		960D5A8118A58362007BF09B /* plugins */ = {
			isa = PBXGroup;
			children = (
				960D5A8218A58362007BF09B /* ArrayCwiseBinaryOps.h */,
				960D5A8318A58362007BF09B /* ArrayCwiseUnaryOps.h */,
				960D5A8418A58362007BF09B /* BlockMethods.h */,
				960D5A8518A58362007BF09B /* CMakeLists.txt */,
				960D5A8618A58362007BF09B /* CommonCwiseBinaryOps.h */,
				960D5A8718A58362007BF09B /* CommonCwiseUnaryOps.h */,
				960D5A8818A58362007BF09B /* MatrixCwiseBinaryOps.h */,
				960D5A8918A58362007BF09B /* MatrixCwiseUnaryOps.h */,
			);
			path = plugins;
			sourceTree = "<group>";
		};
		960D5A8A18A58362007BF09B /* QR */ = {
			isa = PBXGroup;
			children = (
				960D5A8B18A58362007BF09B /* CMakeLists.txt */,
				960D5A8C18A58362007BF09B /* ColPivHouseholderQR.h */,
				960D5A8D18A58362007BF09B /* FullPivHouseholderQR.h */,
				960D5A8E18A58362007BF09B /* HouseholderQR.h */,
			);
			path = QR;
			sourceTree = "<group>";
		};
		960D5A8F18A58362007BF09B /* Sparse */ = {
			isa = PBXGroup;
			children = (
				960D5A9018A58362007BF09B /* AmbiVector.h */,
				960D5A9118A58362007BF09B /* CMakeLists.txt */,
				960D5A9218A58362007BF09B /* CompressedStorage.h */,
				960D5A9318A58362007BF09B /* CoreIterators.h */,
				960D5A9418A58362007BF09B /* DynamicSparseMatrix.h */,
				960D5A9518A58362007BF09B /* MappedSparseMatrix.h */,
				960D5A9618A58362007BF09B /* SparseAssign.h */,
				960D5A9718A58362007BF09B /* SparseBlock.h */,
				960D5A9818A58362007BF09B /* SparseCwiseBinaryOp.h */,
				960D5A9918A58362007BF09B /* SparseCwiseUnaryOp.h */,
				960D5A9A18A58362007BF09B /* SparseDenseProduct.h */,
				960D5A9B18A58362007BF09B /* SparseDiagonalProduct.h */,
				960D5A9C18A58362007BF09B /* SparseDot.h */,
				960D5A9D18A58362007BF09B /* SparseFuzzy.h */,
				960D5A9E18A58362007BF09B /* SparseMatrix.h */,
				960D5A9F18A58362007BF09B /* SparseMatrixBase.h */,
				960D5AA018A58362007BF09B /* SparseProduct.h */,
				960D5AA118A58362007BF09B /* SparseRedux.h */,
				960D5AA218A58362007BF09B /* SparseSelfAdjointView.h */,
				960D5AA318A58362007BF09B /* SparseSparseProduct.h */,
				960D5AA418A58362007BF09B /* SparseTranspose.h */,
				960D5AA518A58362007BF09B /* SparseTriangularView.h */,
				960D5AA618A58362007BF09B /* SparseUtil.h */,
				960D5AA718A58362007BF09B /* SparseVector.h */,
				960D5AA818A58362007BF09B /* SparseView.h */,
				960D5AA918A58362007BF09B /* TriangularSolver.h */,
			);
			path = Sparse;
			sourceTree = "<group>";
		};
		960D5AAA18A58362007BF09B /* StlSupport */ = {
			isa = PBXGroup;
			children = (
				960D5AAB18A58362007BF09B /* CMakeLists.txt */,
				960D5AAC18A58362007BF09B /* details.h */,
				960D5AAD18A58362007BF09B /* StdDeque.h */,
				960D5AAE18A58362007BF09B /* StdList.h */,
				960D5AAF18A58362007BF09B /* StdVector.h */,
			);
			path = StlSupport;
			sourceTree = "<group>";
		};
		960D5AB018A58362007BF09B /* SVD */ = {
			isa = PBXGroup;
			children = (
				960D5AB118A58362007BF09B /* CMakeLists.txt */,
				960D5AB218A58362007BF09B /* JacobiSVD.h */,
				960D5AB318A58362007BF09B /* UpperBidiagonalization.h */,
			);
			path = SVD;
			sourceTree = "<group>";
		};
		963866C918A72AF400486B25 /* Lights */ = {
			isa = PBXGroup;
			children = (
				96CDC86018A442B300BB39ED /* Light.h */,
				9658DFCF18B184660043172E /* AreaLight.h */,
				9638664018A6E7D200486B25 /* PointLight.h */,
				96004E7718C3923300B647BA /* DirectionalLight.h */,
				96FA9A3D18C39A5E00381896 /* SpotLight.h */,
				964178F318D776A000B783C7 /* Projection.h */,
			);
			name = Lights;
			sourceTree = "<group>";
		};
		963866CA18A72B0A00486B25 /* Objects */ = {
			isa = PBXGroup;
			children = (
				96D06C6518AD655F00161DD7 /* Primitive.h */,
				96CDC85E18A437F100BB39ED /* Object.h */,
				96CDC87218A51FA300BB39ED /* Sphere.h */,
				9658DE2D18B058EB0043172E /* Plane.h */,
				96FA9A4318C39C0600381896 /* Cone.h */,
				96FA9A4D18C39F9800381896 /* Ellipsoid.h */,
				96D45C2118D6512D008ACD73 /* VCloud.h */,
				96E1490C18DF709D0050731A /* Triangle.h */,
			);
			name = Objects;
			sourceTree = "<group>";
		};
		9658DE1818B052640043172E /* KDTree */ = {
			isa = PBXGroup;
			children = (
				96D06C7218AD6B7000161DD7 /* KDTree.h */,
				96D06C7318AD6B7000161DD7 /* KDTree.cpp */,
				96D06C8618AD8F2D00161DD7 /* Box.h */,
			);
			name = KDTree;
			sourceTree = "<group>";
		};
		965997D518DA022300C31C78 /* Utilities */ = {
			isa = PBXGroup;
			children = (
				96CDC87518A5481100BB39ED /* Scene.h */,
				96CDC86118A4430700BB39ED /* Ray.h */,
				96D06C3118AD5B8700161DD7 /* Parse.h */,
				96D06C3218AD5B8700161DD7 /* Parse.cpp */,
				96E92AC418ADBD8D00E25A6B /* StdDefs.h */,
				96E92AE518ADBF4B00E25A6B /* StdDefs.cpp */,
				96CDC86218A4447700BB39ED /* Color.h */,
				96CDC86318A46F5B00BB39ED /* Color.cpp */,
				960D53D318D602640020F83E /* Timer.h */,
				96A5F4E918CCBFDD00B18784 /* PNGhelp.h */,
				96A5F4E518CCB9CE00B18784 /* Image.h */,
				96A5F4E618CCB9CE00B18784 /* Image.cpp */,
			);
			name = Utilities;
			sourceTree = "<group>";
		};
		96A454D218CF5B6C00169DB4 /* Textures */ = {
			isa = PBXGroup;
			children = (
				960D53C618D5F8770020F83E /* Perlin3D.h */,
				96A5F4EE18CD11ED00B18784 /* Texture.h */,
				96A5F4F018CD167400B18784 /* Texture2D.h */,
				96A454D018CF59CA00169DB4 /* Bump.h */,
				964177F718D7348900B783C7 /* Normal.h */,
				9692442218FC3A6A005DA39B /* Fresnel.h */,
			);
			name = Textures;
			sourceTree = "<group>";
		};
		96CDC86818A47BB700BB39ED /* Scenes */ = {
			isa = PBXGroup;
			children = (
				96A5CA91190AFB4E00726E08 /* final.sdf */,
				96A5CA92190C564600726E08 /* animation.sdf */,
				96D2295A18E25C77001DC57E /* obj_test.sdf */,
				96CDC86918A47BEF00BB39ED /* test.sdf */,
				96084C8C18B1C39F004029DE /* test2.sdf */,
				96FA9A3818C3995400381896 /* lightTest.sdf */,
			);
			name = Scenes;
			sourceTree = "<group>";
		};
		96D06B7718AD286500161DD7 /* Shaders */ = {
			isa = PBXGroup;
			children = (
				9670721C18E8FD830067FC14 /* GeneralShader.h */,
				96D06B7518AD285000161DD7 /* Shader.h */,
				9658DE6B18B0600D0043172E /* FlatShader.h */,
				96D06B7D18AD3D5800161DD7 /* Phong.h */,
				9658DCCD18B039F30043172E /* Lambert.h */,
				9658DDED18B04C7F0043172E /* Gooch.h */,
				960D53C818D5FCC60020F83E /* Plasma.h */,
				96D45BCF18D6318D008ACD73 /* Cloud.h */,
				96706DAF18E872D60067FC14 /* Mirror.h */,
				96706DE618E88C890067FC14 /* Environment.h */,
				9692442318FDB36C005DA39B /* Glass.h */,
			);
			name = Shaders;
			sourceTree = "<group>";
		};
		96F9236919057DBA00AFA1A0 /* Cameras */ = {
			isa = PBXGroup;
			children = (
				9638683E18A8206300486B25 /* Camera.h */,
				96F9236A1905829600AFA1A0 /* DepthOfFieldCamera.h */,
				96F9236819057A6300AFA1A0 /* PerspectiveCamera.h */,
				96F9236B19078AE200AFA1A0 /* PaintingCamera.h */,
			);
			name = Cameras;
			sourceTree = "<group>";
		};
		C6859E8C029090F304C91782 /* Documentation */ = {
			isa = PBXGroup;
			children = (
				C6859E8B029090EE04C91782 /* Raytracer.1 */,
			);
			name = Documentation;
			sourceTree = "<group>";
		};
/* End PBXGroup section */

/* Begin PBXHeadersBuildPhase section */
		9638656E18A583B300486B25 /* Headers */ = {
			isa = PBXHeadersBuildPhase;
			buildActionMask = 2147483647;
			files = (
				9638664218A6E7D200486B25 /* PointLight.h in Headers */,
				9638683F18A8206300486B25 /* Camera.h in Headers */,
				96D06B7618AD285000161DD7 /* Shader.h in Headers */,
				96D06B7F18AD3D5800161DD7 /* Phong.h in Headers */,
				96D06C3318AD5B8700161DD7 /* Parse.h in Headers */,
				96D06C6618AD655F00161DD7 /* Primitive.h in Headers */,
				96D06C7418AD6B7000161DD7 /* KDTree.h in Headers */,
				96D06C8718AD8F2D00161DD7 /* Box.h in Headers */,
				96E92AC518ADBD8D00E25A6B /* StdDefs.h in Headers */,
				9658DCCE18B039F30043172E /* Lambert.h in Headers */,
				9658DDEE18B04C7F0043172E /* Gooch.h in Headers */,
				9658DE2E18B058EB0043172E /* Plane.h in Headers */,
				9658DE6C18B0600D0043172E /* FlatShader.h in Headers */,
				9658DFD018B184660043172E /* AreaLight.h in Headers */,
				96004E7818C3923300B647BA /* DirectionalLight.h in Headers */,
				960FFD8618EB689F00B0E94B /* Scene.h in Headers */,
				96FA9A3E18C39A5E00381896 /* SpotLight.h in Headers */,
				96FA9A4418C39C0600381896 /* Cone.h in Headers */,
				96FA9A4E18C39F9800381896 /* Ellipsoid.h in Headers */,
				96A5F4E718CCB9CE00B18784 /* Image.h in Headers */,
				96A5F4EA18CCBFDD00B18784 /* PNGhelp.h in Headers */,
				96A5F4EF18CD11ED00B18784 /* Texture.h in Headers */,
				96A5F4F118CD167400B18784 /* Texture2D.h in Headers */,
				96A454D118CF59CA00169DB4 /* Bump.h in Headers */,
				960D53C718D5F8770020F83E /* Perlin3D.h in Headers */,
				960D53C918D5FCC60020F83E /* Plasma.h in Headers */,
				960D53D418D602640020F83E /* Timer.h in Headers */,
				96D45BD018D6318D008ACD73 /* Cloud.h in Headers */,
				96D45C2218D6512D008ACD73 /* VCloud.h in Headers */,
				964177F818D7348900B783C7 /* Normal.h in Headers */,
				964178F418D776A000B783C7 /* Projection.h in Headers */,
				96E1490D18DF709D0050731A /* Triangle.h in Headers */,
				96706DB018E872D60067FC14 /* Mirror.h in Headers */,
				96706DE718E88C890067FC14 /* Environment.h in Headers */,
				9670721D18E8FD830067FC14 /* GeneralShader.h in Headers */,
			);
			runOnlyForDeploymentPostprocessing = 0;
		};
/* End PBXHeadersBuildPhase section */

/* Begin PBXNativeTarget section */
		8DD76F620486A84900D96B5E /* Raytracer */ = {
			isa = PBXNativeTarget;
			buildConfigurationList = 1DEB923108733DC60010E9CD /* Build configuration list for PBXNativeTarget "Raytracer" */;
			buildPhases = (
				8DD76F640486A84900D96B5E /* Sources */,
				8DD76F660486A84900D96B5E /* Frameworks */,
				8DD76F690486A84900D96B5E /* CopyFiles */,
				9638656E18A583B300486B25 /* Headers */,
			);
			buildRules = (
			);
			dependencies = (
			);
			name = Raytracer;
			productInstallPath = "$(HOME)/bin";
			productName = Raytracer;
			productReference = 8DD76F6C0486A84900D96B5E /* Raytracer */;
			productType = "com.apple.product-type.tool";
		};
/* End PBXNativeTarget section */

/* Begin PBXProject section */
		08FB7793FE84155DC02AAC07 /* Project object */ = {
			isa = PBXProject;
			attributes = {
				LastUpgradeCheck = 0510;
			};
			buildConfigurationList = 1DEB923508733DC60010E9CD /* Build configuration list for PBXProject "Raytracer" */;
			compatibilityVersion = "Xcode 3.2";
			developmentRegion = English;
			hasScannedForEncodings = 1;
			knownRegions = (
				English,
				Japanese,
				French,
				German,
			);
			mainGroup = 08FB7794FE84155DC02AAC07 /* Raytracer */;
			projectDirPath = "";
			projectRoot = "";
			targets = (
				8DD76F620486A84900D96B5E /* Raytracer */,
			);
		};
/* End PBXProject section */

/* Begin PBXSourcesBuildPhase section */
		8DD76F640486A84900D96B5E /* Sources */ = {
			isa = PBXSourcesBuildPhase;
			buildActionMask = 2147483647;
			files = (
				8DD76F650486A84900D96B5E /* main.cpp in Sources */,
				96CDC86418A46F5B00BB39ED /* Color.cpp in Sources */,
				96D06C3418AD5B8700161DD7 /* Parse.cpp in Sources */,
				96D06C7518AD6B7000161DD7 /* KDTree.cpp in Sources */,
				96E92AE618ADBF4B00E25A6B /* StdDefs.cpp in Sources */,
				96A5F4E818CCB9CE00B18784 /* Image.cpp in Sources */,
			);
			runOnlyForDeploymentPostprocessing = 0;
		};
/* End PBXSourcesBuildPhase section */

/* Begin XCBuildConfiguration section */
		1DEB923208733DC60010E9CD /* Debug */ = {
			isa = XCBuildConfiguration;
			buildSettings = {
				ALWAYS_SEARCH_USER_PATHS = NO;
				COPY_PHASE_STRIP = NO;
				FRAMEWORK_SEARCH_PATHS = (
					"$(inherited)",
					"$(LOCAL_LIBRARY_DIR)/Frameworks",
				);
				GCC_DYNAMIC_NO_PIC = NO;
				GCC_ENABLE_FIX_AND_CONTINUE = YES;
				GCC_MODEL_TUNING = G5;
				GCC_OPTIMIZATION_LEVEL = 0;
				HEADER_SEARCH_PATHS = "/Users/Amber/Documents/College_Classes/VIZA_656/Raytracer/**";
				INSTALL_PATH = /usr/local/bin;
				LIBRARY_SEARCH_PATHS = "$(inherited)";
				OTHER_LDFLAGS = "-lpthread";
				PRODUCT_NAME = Raytracer;
			};
			name = Debug;
		};
		1DEB923308733DC60010E9CD /* Release */ = {
			isa = XCBuildConfiguration;
			buildSettings = {
				ALWAYS_SEARCH_USER_PATHS = NO;
				DEBUG_INFORMATION_FORMAT = "dwarf-with-dsym";
				FRAMEWORK_SEARCH_PATHS = (
					"$(inherited)",
					"$(LOCAL_LIBRARY_DIR)/Frameworks",
				);
				GCC_MODEL_TUNING = G5;
				HEADER_SEARCH_PATHS = "/Users/Amber/Documents/College_Classes/VIZA_656/Raytracer/**";
				INSTALL_PATH = /usr/local/bin;
				LIBRARY_SEARCH_PATHS = "$(inherited)";
				OTHER_LDFLAGS = "-lpthread";
				PRODUCT_NAME = Raytracer;
			};
			name = Release;
		};
		1DEB923608733DC60010E9CD /* Debug */ = {
			isa = XCBuildConfiguration;
			buildSettings = {
				ALWAYS_SEARCH_USER_PATHS = YES;
				GCC_C_LANGUAGE_STANDARD = gnu99;
				GCC_OPTIMIZATION_LEVEL = 0;
				GCC_PREPROCESSOR_DEFINITIONS = "";
				GCC_WARN_ABOUT_RETURN_TYPE = YES;
				GCC_WARN_UNUSED_VARIABLE = YES;
				ONLY_ACTIVE_ARCH = YES;
				OTHER_LDFLAGS = "-lpthread";
				PREBINDING = NO;
				SDKROOT = macosx;
			};
			name = Debug;
		};
		1DEB923708733DC60010E9CD /* Release */ = {
			isa = XCBuildConfiguration;
			buildSettings = {
				ALWAYS_SEARCH_USER_PATHS = YES;
				GCC_C_LANGUAGE_STANDARD = gnu99;
				GCC_PREPROCESSOR_DEFINITIONS = "";
				GCC_WARN_ABOUT_RETURN_TYPE = YES;
				GCC_WARN_UNUSED_VARIABLE = YES;
				OTHER_LDFLAGS = "-lpthread";
				PREBINDING = NO;
				SDKROOT = macosx;
			};
			name = Release;
		};
/* End XCBuildConfiguration section */

/* Begin XCConfigurationList section */
		1DEB923108733DC60010E9CD /* Build configuration list for PBXNativeTarget "Raytracer" */ = {
			isa = XCConfigurationList;
			buildConfigurations = (
				1DEB923208733DC60010E9CD /* Debug */,
				1DEB923308733DC60010E9CD /* Release */,
			);
			defaultConfigurationIsVisible = 0;
			defaultConfigurationName = Release;
		};
		1DEB923508733DC60010E9CD /* Build configuration list for PBXProject "Raytracer" */ = {
			isa = XCConfigurationList;
			buildConfigurations = (
				1DEB923608733DC60010E9CD /* Debug */,
				1DEB923708733DC60010E9CD /* Release */,
			);
			defaultConfigurationIsVisible = 0;
			defaultConfigurationName = Release;
		};
/* End XCConfigurationList section */
	};
	rootObject = 08FB7793FE84155DC02AAC07 /* Project object */;
}
